// !$*UTF8*$!
{
	archiveVersion = 1;
	classes = {
	};
	objectVersion = 55;
	objects = {

/* Begin PBXBuildFile section */
		3E1B587A2C58198E0097ABBF /* build.sh in Resources */ = {isa = PBXBuildFile; fileRef = 3E1B58722C58198E0097ABBF /* build.sh */; };
		3E1B587C2C58198E0097ABBF /* common.sh in Resources */ = {isa = PBXBuildFile; fileRef = 3E1B58742C58198E0097ABBF /* common.sh */; };
		3E1B58802C58198E0097ABBF /* README.txt in Resources */ = {isa = PBXBuildFile; fileRef = 3E1B58782C58198E0097ABBF /* README.txt */; };
		3E1B58842C583F210097ABBF /* FFmpegChannelLayout.swift in Sources */ = {isa = PBXBuildFile; fileRef = 3E1B58832C583F210097ABBF /* FFmpegChannelLayout.swift */; };
		3E1B58852C58423A0097ABBF /* ffmpeg.c in Sources */ = {isa = PBXBuildFile; fileRef = 3E7B64A2291199B600FDB51F /* ffmpeg.c */; };
		3E7B652D291199B600FDB51F /* Constants.swift in Sources */ = {isa = PBXBuildFile; fileRef = 3E7B6481291199B600FDB51F /* Constants.swift */; };
		3E7B652E291199B600FDB51F /* OpenDialogButtonCell.swift in Sources */ = {isa = PBXBuildFile; fileRef = 3E7B6483291199B600FDB51F /* OpenDialogButtonCell.swift */; };
		3E7B652F291199B600FDB51F /* SliderCells.swift in Sources */ = {isa = PBXBuildFile; fileRef = 3E7B6484291199B600FDB51F /* SliderCells.swift */; };
		3E7B6530291199B600FDB51F /* PlayerViewController.swift in Sources */ = {isa = PBXBuildFile; fileRef = 3E7B6485291199B600FDB51F /* PlayerViewController.swift */; };
		3E7B6531291199B600FDB51F /* MainMenu.xib in Resources */ = {isa = PBXBuildFile; fileRef = 3E7B6486291199B600FDB51F /* MainMenu.xib */; };
		3E7B6532291199B600FDB51F /* UIExtensions.swift in Sources */ = {isa = PBXBuildFile; fileRef = 3E7B6488291199B600FDB51F /* UIExtensions.swift */; };
		3E7B6533291199B600FDB51F /* FFmpegAudioStream.swift in Sources */ = {isa = PBXBuildFile; fileRef = 3E7B648B291199B600FDB51F /* FFmpegAudioStream.swift */; };
		3E7B6534291199B600FDB51F /* FFmpegAudioFormat.swift in Sources */ = {isa = PBXBuildFile; fileRef = 3E7B648C291199B600FDB51F /* FFmpegAudioFormat.swift */; };
		3E7B6535291199B600FDB51F /* FFmpegFrame.swift in Sources */ = {isa = PBXBuildFile; fileRef = 3E7B648D291199B600FDB51F /* FFmpegFrame.swift */; };
		3E7B6536291199B600FDB51F /* FFmpegResamplingContext.swift in Sources */ = {isa = PBXBuildFile; fileRef = 3E7B648E291199B600FDB51F /* FFmpegResamplingContext.swift */; };
		3E7B6537291199B600FDB51F /* FFmpegSampleFormat.swift in Sources */ = {isa = PBXBuildFile; fileRef = 3E7B648F291199B600FDB51F /* FFmpegSampleFormat.swift */; };
		3E7B6538291199B600FDB51F /* FFmpegAudioCodec.swift in Sources */ = {isa = PBXBuildFile; fileRef = 3E7B6490291199B600FDB51F /* FFmpegAudioCodec.swift */; };
		3E7B6539291199B600FDB51F /* FFmpegImageStream.swift in Sources */ = {isa = PBXBuildFile; fileRef = 3E7B6491291199B600FDB51F /* FFmpegImageStream.swift */; };
		3E7B653A291199B600FDB51F /* FFmpegChapter.swift in Sources */ = {isa = PBXBuildFile; fileRef = 3E7B6492291199B600FDB51F /* FFmpegChapter.swift */; };
		3E7B653B291199B600FDB51F /* FFmpegPacket.swift in Sources */ = {isa = PBXBuildFile; fileRef = 3E7B6493291199B600FDB51F /* FFmpegPacket.swift */; };
		3E7B653C291199B600FDB51F /* AudioFileContext.swift in Sources */ = {isa = PBXBuildFile; fileRef = 3E7B6494291199B600FDB51F /* AudioFileContext.swift */; };
		3E7B653D291199B600FDB51F /* FFmpegFormatContext.swift in Sources */ = {isa = PBXBuildFile; fileRef = 3E7B6495291199B600FDB51F /* FFmpegFormatContext.swift */; };
		3E7B653E291199B600FDB51F /* FFmpegStreamProtocol.swift in Sources */ = {isa = PBXBuildFile; fileRef = 3E7B6496291199B600FDB51F /* FFmpegStreamProtocol.swift */; };
		3E7B653F291199B600FDB51F /* FFmpegCodec.swift in Sources */ = {isa = PBXBuildFile; fileRef = 3E7B6497291199B600FDB51F /* FFmpegCodec.swift */; };
		3E7B6540291199B600FDB51F /* FFmpegDecoder.swift in Sources */ = {isa = PBXBuildFile; fileRef = 3E7B649A291199B600FDB51F /* FFmpegDecoder.swift */; };
		3E7B6541291199B600FDB51F /* FFmpegPacketTable.swift in Sources */ = {isa = PBXBuildFile; fileRef = 3E7B649B291199B600FDB51F /* FFmpegPacketTable.swift */; };
		3E7B6542291199B600FDB51F /* FFmpegFrameBuffer.swift in Sources */ = {isa = PBXBuildFile; fileRef = 3E7B649C291199B600FDB51F /* FFmpegFrameBuffer.swift */; };
		3E7B6543291199B600FDB51F /* FFmpegDecoder+PCMBuffer.swift in Sources */ = {isa = PBXBuildFile; fileRef = 3E7B649D291199B600FDB51F /* FFmpegDecoder+PCMBuffer.swift */; };
		3E7B6544291199B600FDB51F /* FFmpegErrors.swift in Sources */ = {isa = PBXBuildFile; fileRef = 3E7B649E291199B600FDB51F /* FFmpegErrors.swift */; };
		3E7B6545291199B600FDB51F /* FFmpegPacketFrames.swift in Sources */ = {isa = PBXBuildFile; fileRef = 3E7B649F291199B600FDB51F /* FFmpegPacketFrames.swift */; };
		3E7B6547291199B600FDB51F /* FFmpegMetadataReader.swift in Sources */ = {isa = PBXBuildFile; fileRef = 3E7B64A1291199B600FDB51F /* FFmpegMetadataReader.swift */; };
		3E7B6549291199B600FDB51F /* UtilsExtensions.swift in Sources */ = {isa = PBXBuildFile; fileRef = 3E7B64A4291199B600FDB51F /* UtilsExtensions.swift */; };
		3E7B654A291199B600FDB51F /* ConcurrentArray.swift in Sources */ = {isa = PBXBuildFile; fileRef = 3E7B64A5291199B600FDB51F /* ConcurrentArray.swift */; };
		3E7B654B291199B600FDB51F /* NumericStringFormatter.swift in Sources */ = {isa = PBXBuildFile; fileRef = 3E7B64A6291199B600FDB51F /* NumericStringFormatter.swift */; };
		3E7B654C291199B600FDB51F /* AtomicCounter.swift in Sources */ = {isa = PBXBuildFile; fileRef = 3E7B64A7291199B600FDB51F /* AtomicCounter.swift */; };
		3E7B654D291199B600FDB51F /* BufferFileWriter.swift in Sources */ = {isa = PBXBuildFile; fileRef = 3E7B64A8291199B600FDB51F /* BufferFileWriter.swift */; };
		3E7B654E291199B600FDB51F /* Queue.swift in Sources */ = {isa = PBXBuildFile; fileRef = 3E7B64A9291199B600FDB51F /* Queue.swift */; };
		3E7B654F291199B600FDB51F /* Mapper.swift in Sources */ = {isa = PBXBuildFile; fileRef = 3E7B64AA291199B600FDB51F /* Mapper.swift */; };
		3E7B6550291199B600FDB51F /* AppDelegate.swift in Sources */ = {isa = PBXBuildFile; fileRef = 3E7B64AB291199B600FDB51F /* AppDelegate.swift */; };
		3E7B6551291199B600FDB51F /* MetadataReader.swift in Sources */ = {isa = PBXBuildFile; fileRef = 3E7B6525291199B600FDB51F /* MetadataReader.swift */; };
		3E7B6552291199B600FDB51F /* TrackInfo.swift in Sources */ = {isa = PBXBuildFile; fileRef = 3E7B6526291199B600FDB51F /* TrackInfo.swift */; };
		3E7B6553291199B600FDB51F /* PlayerScheduling.swift in Sources */ = {isa = PBXBuildFile; fileRef = 3E7B6528291199B600FDB51F /* PlayerScheduling.swift */; };
		3E7B6554291199B600FDB51F /* AVFUtils.swift in Sources */ = {isa = PBXBuildFile; fileRef = 3E7B652A291199B600FDB51F /* AVFUtils.swift */; };
		3E7B6555291199B600FDB51F /* Player.swift in Sources */ = {isa = PBXBuildFile; fileRef = 3E7B652B291199B600FDB51F /* Player.swift */; };
		3E7B6556291199B600FDB51F /* AudioEngine.swift in Sources */ = {isa = PBXBuildFile; fileRef = 3E7B652C291199B600FDB51F /* AudioEngine.swift */; };
		3E7B6585291199BF00FDB51F /* Assets.xcassets in Resources */ = {isa = PBXBuildFile; fileRef = 3E7B656F291199BF00FDB51F /* Assets.xcassets */; };
		3E7B659229119AD700FDB51F /* libavcodec.xcframework in Frameworks */ = {isa = PBXBuildFile; fileRef = 3E7B658B291199C700FDB51F /* libavcodec.xcframework */; };
		3E7B659329119AD700FDB51F /* libavcodec.xcframework in Embed Frameworks */ = {isa = PBXBuildFile; fileRef = 3E7B658B291199C700FDB51F /* libavcodec.xcframework */; settings = {ATTRIBUTES = (CodeSignOnCopy, RemoveHeadersOnCopy, ); }; };
		3E7B659529119AD900FDB51F /* libavformat.xcframework in Frameworks */ = {isa = PBXBuildFile; fileRef = 3E7B6589291199C700FDB51F /* libavformat.xcframework */; };
		3E7B659629119AD900FDB51F /* libavformat.xcframework in Embed Frameworks */ = {isa = PBXBuildFile; fileRef = 3E7B6589291199C700FDB51F /* libavformat.xcframework */; settings = {ATTRIBUTES = (CodeSignOnCopy, RemoveHeadersOnCopy, ); }; };
		3E7B659729119ADA00FDB51F /* libavutil.xcframework in Frameworks */ = {isa = PBXBuildFile; fileRef = 3E7B658A291199C700FDB51F /* libavutil.xcframework */; };
		3E7B659829119ADA00FDB51F /* libavutil.xcframework in Embed Frameworks */ = {isa = PBXBuildFile; fileRef = 3E7B658A291199C700FDB51F /* libavutil.xcframework */; settings = {ATTRIBUTES = (CodeSignOnCopy, RemoveHeadersOnCopy, ); }; };
		3E7B659929119ADB00FDB51F /* libswresample.xcframework in Frameworks */ = {isa = PBXBuildFile; fileRef = 3E7B658C291199C700FDB51F /* libswresample.xcframework */; };
		3E7B659A29119ADB00FDB51F /* libswresample.xcframework in Embed Frameworks */ = {isa = PBXBuildFile; fileRef = 3E7B658C291199C700FDB51F /* libswresample.xcframework */; settings = {ATTRIBUTES = (CodeSignOnCopy, RemoveHeadersOnCopy, ); }; };
/* End PBXBuildFile section */

/* Begin PBXCopyFilesBuildPhase section */
		3E7B659429119AD700FDB51F /* Embed Frameworks */ = {
			isa = PBXCopyFilesBuildPhase;
			buildActionMask = 2147483647;
			dstPath = "";
			dstSubfolderSpec = 10;
			files = (
				3E7B659329119AD700FDB51F /* libavcodec.xcframework in Embed Frameworks */,
				3E7B659829119ADA00FDB51F /* libavutil.xcframework in Embed Frameworks */,
				3E7B659A29119ADB00FDB51F /* libswresample.xcframework in Embed Frameworks */,
				3E7B659629119AD900FDB51F /* libavformat.xcframework in Embed Frameworks */,
			);
			name = "Embed Frameworks";
			runOnlyForDeploymentPostprocessing = 0;
		};
/* End PBXCopyFilesBuildPhase section */

/* Begin PBXFileReference section */
		3E1B58722C58198E0097ABBF /* build.sh */ = {isa = PBXFileReference; fileEncoding = 4; lastKnownFileType = text.script.sh; path = build.sh; sourceTree = "<group>"; };
		3E1B58742C58198E0097ABBF /* common.sh */ = {isa = PBXFileReference; fileEncoding = 4; lastKnownFileType = text.script.sh; path = common.sh; sourceTree = "<group>"; };
		3E1B58782C58198E0097ABBF /* README.txt */ = {isa = PBXFileReference; fileEncoding = 4; lastKnownFileType = text; path = README.txt; sourceTree = "<group>"; };
		3E1B58832C583F210097ABBF /* FFmpegChannelLayout.swift */ = {isa = PBXFileReference; lastKnownFileType = sourcecode.swift; path = FFmpegChannelLayout.swift; sourceTree = "<group>"; };
		3E7B64702911993300FDB51F /* FFmpegPlayer.app */ = {isa = PBXFileReference; explicitFileType = wrapper.application; includeInIndex = 0; path = FFmpegPlayer.app; sourceTree = BUILT_PRODUCTS_DIR; };
		3E7B6481291199B600FDB51F /* Constants.swift */ = {isa = PBXFileReference; fileEncoding = 4; lastKnownFileType = sourcecode.swift; path = Constants.swift; sourceTree = "<group>"; };
		3E7B6483291199B600FDB51F /* OpenDialogButtonCell.swift */ = {isa = PBXFileReference; fileEncoding = 4; lastKnownFileType = sourcecode.swift; path = OpenDialogButtonCell.swift; sourceTree = "<group>"; };
		3E7B6484291199B600FDB51F /* SliderCells.swift */ = {isa = PBXFileReference; fileEncoding = 4; lastKnownFileType = sourcecode.swift; path = SliderCells.swift; sourceTree = "<group>"; };
		3E7B6485291199B600FDB51F /* PlayerViewController.swift */ = {isa = PBXFileReference; fileEncoding = 4; lastKnownFileType = sourcecode.swift; path = PlayerViewController.swift; sourceTree = "<group>"; };
		3E7B6487291199B600FDB51F /* Base */ = {isa = PBXFileReference; lastKnownFileType = file.xib; name = Base; path = Base.lproj/MainMenu.xib; sourceTree = "<group>"; };
		3E7B6488291199B600FDB51F /* UIExtensions.swift */ = {isa = PBXFileReference; fileEncoding = 4; lastKnownFileType = sourcecode.swift; path = UIExtensions.swift; sourceTree = "<group>"; };
		3E7B648B291199B600FDB51F /* FFmpegAudioStream.swift */ = {isa = PBXFileReference; fileEncoding = 4; lastKnownFileType = sourcecode.swift; path = FFmpegAudioStream.swift; sourceTree = "<group>"; };
		3E7B648C291199B600FDB51F /* FFmpegAudioFormat.swift */ = {isa = PBXFileReference; fileEncoding = 4; lastKnownFileType = sourcecode.swift; path = FFmpegAudioFormat.swift; sourceTree = "<group>"; };
		3E7B648D291199B600FDB51F /* FFmpegFrame.swift */ = {isa = PBXFileReference; fileEncoding = 4; lastKnownFileType = sourcecode.swift; path = FFmpegFrame.swift; sourceTree = "<group>"; };
		3E7B648E291199B600FDB51F /* FFmpegResamplingContext.swift */ = {isa = PBXFileReference; fileEncoding = 4; lastKnownFileType = sourcecode.swift; path = FFmpegResamplingContext.swift; sourceTree = "<group>"; };
		3E7B648F291199B600FDB51F /* FFmpegSampleFormat.swift */ = {isa = PBXFileReference; fileEncoding = 4; lastKnownFileType = sourcecode.swift; path = FFmpegSampleFormat.swift; sourceTree = "<group>"; };
		3E7B6490291199B600FDB51F /* FFmpegAudioCodec.swift */ = {isa = PBXFileReference; fileEncoding = 4; lastKnownFileType = sourcecode.swift; path = FFmpegAudioCodec.swift; sourceTree = "<group>"; };
		3E7B6491291199B600FDB51F /* FFmpegImageStream.swift */ = {isa = PBXFileReference; fileEncoding = 4; lastKnownFileType = sourcecode.swift; path = FFmpegImageStream.swift; sourceTree = "<group>"; };
		3E7B6492291199B600FDB51F /* FFmpegChapter.swift */ = {isa = PBXFileReference; fileEncoding = 4; lastKnownFileType = sourcecode.swift; path = FFmpegChapter.swift; sourceTree = "<group>"; };
		3E7B6493291199B600FDB51F /* FFmpegPacket.swift */ = {isa = PBXFileReference; fileEncoding = 4; lastKnownFileType = sourcecode.swift; path = FFmpegPacket.swift; sourceTree = "<group>"; };
		3E7B6494291199B600FDB51F /* AudioFileContext.swift */ = {isa = PBXFileReference; fileEncoding = 4; lastKnownFileType = sourcecode.swift; path = AudioFileContext.swift; sourceTree = "<group>"; };
		3E7B6495291199B600FDB51F /* FFmpegFormatContext.swift */ = {isa = PBXFileReference; fileEncoding = 4; lastKnownFileType = sourcecode.swift; path = FFmpegFormatContext.swift; sourceTree = "<group>"; };
		3E7B6496291199B600FDB51F /* FFmpegStreamProtocol.swift */ = {isa = PBXFileReference; fileEncoding = 4; lastKnownFileType = sourcecode.swift; path = FFmpegStreamProtocol.swift; sourceTree = "<group>"; };
		3E7B6497291199B600FDB51F /* FFmpegCodec.swift */ = {isa = PBXFileReference; fileEncoding = 4; lastKnownFileType = sourcecode.swift; path = FFmpegCodec.swift; sourceTree = "<group>"; };
		3E7B6498291199B600FDB51F /* ffmpeg.h */ = {isa = PBXFileReference; fileEncoding = 4; lastKnownFileType = sourcecode.c.h; path = ffmpeg.h; sourceTree = "<group>"; };
		3E7B649A291199B600FDB51F /* FFmpegDecoder.swift */ = {isa = PBXFileReference; fileEncoding = 4; lastKnownFileType = sourcecode.swift; path = FFmpegDecoder.swift; sourceTree = "<group>"; };
		3E7B649B291199B600FDB51F /* FFmpegPacketTable.swift */ = {isa = PBXFileReference; fileEncoding = 4; lastKnownFileType = sourcecode.swift; path = FFmpegPacketTable.swift; sourceTree = "<group>"; };
		3E7B649C291199B600FDB51F /* FFmpegFrameBuffer.swift */ = {isa = PBXFileReference; fileEncoding = 4; lastKnownFileType = sourcecode.swift; path = FFmpegFrameBuffer.swift; sourceTree = "<group>"; };
		3E7B649D291199B600FDB51F /* FFmpegDecoder+PCMBuffer.swift */ = {isa = PBXFileReference; fileEncoding = 4; lastKnownFileType = sourcecode.swift; path = "FFmpegDecoder+PCMBuffer.swift"; sourceTree = "<group>"; };
		3E7B649E291199B600FDB51F /* FFmpegErrors.swift */ = {isa = PBXFileReference; fileEncoding = 4; lastKnownFileType = sourcecode.swift; path = FFmpegErrors.swift; sourceTree = "<group>"; };
		3E7B649F291199B600FDB51F /* FFmpegPacketFrames.swift */ = {isa = PBXFileReference; fileEncoding = 4; lastKnownFileType = sourcecode.swift; path = FFmpegPacketFrames.swift; sourceTree = "<group>"; };
		3E7B64A1291199B600FDB51F /* FFmpegMetadataReader.swift */ = {isa = PBXFileReference; fileEncoding = 4; lastKnownFileType = sourcecode.swift; path = FFmpegMetadataReader.swift; sourceTree = "<group>"; };
		3E7B64A2291199B600FDB51F /* ffmpeg.c */ = {isa = PBXFileReference; fileEncoding = 4; lastKnownFileType = sourcecode.c.c; path = ffmpeg.c; sourceTree = "<group>"; };
		3E7B64A4291199B600FDB51F /* UtilsExtensions.swift */ = {isa = PBXFileReference; fileEncoding = 4; lastKnownFileType = sourcecode.swift; path = UtilsExtensions.swift; sourceTree = "<group>"; };
		3E7B64A5291199B600FDB51F /* ConcurrentArray.swift */ = {isa = PBXFileReference; fileEncoding = 4; lastKnownFileType = sourcecode.swift; path = ConcurrentArray.swift; sourceTree = "<group>"; };
		3E7B64A6291199B600FDB51F /* NumericStringFormatter.swift */ = {isa = PBXFileReference; fileEncoding = 4; lastKnownFileType = sourcecode.swift; path = NumericStringFormatter.swift; sourceTree = "<group>"; };
		3E7B64A7291199B600FDB51F /* AtomicCounter.swift */ = {isa = PBXFileReference; fileEncoding = 4; lastKnownFileType = sourcecode.swift; path = AtomicCounter.swift; sourceTree = "<group>"; };
		3E7B64A8291199B600FDB51F /* BufferFileWriter.swift */ = {isa = PBXFileReference; fileEncoding = 4; lastKnownFileType = sourcecode.swift; path = BufferFileWriter.swift; sourceTree = "<group>"; };
		3E7B64A9291199B600FDB51F /* Queue.swift */ = {isa = PBXFileReference; fileEncoding = 4; lastKnownFileType = sourcecode.swift; path = Queue.swift; sourceTree = "<group>"; };
		3E7B64AA291199B600FDB51F /* Mapper.swift */ = {isa = PBXFileReference; fileEncoding = 4; lastKnownFileType = sourcecode.swift; path = Mapper.swift; sourceTree = "<group>"; };
		3E7B64AB291199B600FDB51F /* AppDelegate.swift */ = {isa = PBXFileReference; fileEncoding = 4; lastKnownFileType = sourcecode.swift; path = AppDelegate.swift; sourceTree = "<group>"; };
		3E7B6525291199B600FDB51F /* MetadataReader.swift */ = {isa = PBXFileReference; fileEncoding = 4; lastKnownFileType = sourcecode.swift; path = MetadataReader.swift; sourceTree = "<group>"; };
		3E7B6526291199B600FDB51F /* TrackInfo.swift */ = {isa = PBXFileReference; fileEncoding = 4; lastKnownFileType = sourcecode.swift; path = TrackInfo.swift; sourceTree = "<group>"; };
		3E7B6528291199B600FDB51F /* PlayerScheduling.swift */ = {isa = PBXFileReference; fileEncoding = 4; lastKnownFileType = sourcecode.swift; path = PlayerScheduling.swift; sourceTree = "<group>"; };
		3E7B652A291199B600FDB51F /* AVFUtils.swift */ = {isa = PBXFileReference; fileEncoding = 4; lastKnownFileType = sourcecode.swift; path = AVFUtils.swift; sourceTree = "<group>"; };
		3E7B652B291199B600FDB51F /* Player.swift */ = {isa = PBXFileReference; fileEncoding = 4; lastKnownFileType = sourcecode.swift; path = Player.swift; sourceTree = "<group>"; };
		3E7B652C291199B600FDB51F /* AudioEngine.swift */ = {isa = PBXFileReference; fileEncoding = 4; lastKnownFileType = sourcecode.swift; path = AudioEngine.swift; sourceTree = "<group>"; };
		3E7B6561291199BF00FDB51F /* build-ffmpeg.sh */ = {isa = PBXFileReference; fileEncoding = 4; lastKnownFileType = text.script.sh; path = "build-ffmpeg.sh"; sourceTree = "<group>"; };
		3E7B6569291199BF00FDB51F /* README.txt */ = {isa = PBXFileReference; fileEncoding = 4; lastKnownFileType = text; path = README.txt; sourceTree = "<group>"; };
		3E7B656F291199BF00FDB51F /* Assets.xcassets */ = {isa = PBXFileReference; lastKnownFileType = folder.assetcatalog; path = Assets.xcassets; sourceTree = "<group>"; };
		3E7B6589291199C700FDB51F /* libavformat.xcframework */ = {isa = PBXFileReference; lastKnownFileType = wrapper.xcframework; path = libavformat.xcframework; sourceTree = "<group>"; };
		3E7B658A291199C700FDB51F /* libavutil.xcframework */ = {isa = PBXFileReference; lastKnownFileType = wrapper.xcframework; path = libavutil.xcframework; sourceTree = "<group>"; };
		3E7B658B291199C700FDB51F /* libavcodec.xcframework */ = {isa = PBXFileReference; lastKnownFileType = wrapper.xcframework; path = libavcodec.xcframework; sourceTree = "<group>"; };
		3E7B658C291199C700FDB51F /* libswresample.xcframework */ = {isa = PBXFileReference; lastKnownFileType = wrapper.xcframework; path = libswresample.xcframework; sourceTree = "<group>"; };
		3EF9C61629119E3B002DEC4B /* Info.plist */ = {isa = PBXFileReference; fileEncoding = 4; lastKnownFileType = text.plist.xml; path = Info.plist; sourceTree = "<group>"; };
		3EF9C6182911A1EB002DEC4B /* FFmpegPlayer.entitlements */ = {isa = PBXFileReference; lastKnownFileType = text.plist.entitlements; path = FFmpegPlayer.entitlements; sourceTree = "<group>"; };
/* End PBXFileReference section */

/* Begin PBXFrameworksBuildPhase section */
		3E7B646D2911993300FDB51F /* Frameworks */ = {
			isa = PBXFrameworksBuildPhase;
			buildActionMask = 2147483647;
			files = (
				3E7B659729119ADA00FDB51F /* libavutil.xcframework in Frameworks */,
				3E7B659529119AD900FDB51F /* libavformat.xcframework in Frameworks */,
				3E7B659929119ADB00FDB51F /* libswresample.xcframework in Frameworks */,
				3E7B659229119AD700FDB51F /* libavcodec.xcframework in Frameworks */,
			);
			runOnlyForDeploymentPostprocessing = 0;
		};
/* End PBXFrameworksBuildPhase section */

/* Begin PBXGroup section */
		3E1B58792C58198E0097ABBF /* FFmpegBuild */ = {
			isa = PBXGroup;
			children = (
				3E1B58722C58198E0097ABBF /* build.sh */,
				3E1B58742C58198E0097ABBF /* common.sh */,
				3E1B58782C58198E0097ABBF /* README.txt */,
			);
			path = FFmpegBuild;
			sourceTree = SOURCE_ROOT;
		};
		3E7B64672911993300FDB51F = {
			isa = PBXGroup;
			children = (
				3E7B6480291199B600FDB51F /* Sources */,
				3E1B58792C58198E0097ABBF /* FFmpegBuild */,
				3E7B6557291199BF00FDB51F /* Resources */,
				3E7B6588291199C700FDB51F /* Frameworks */,
				3EF9C61629119E3B002DEC4B /* Info.plist */,
				3EF9C6182911A1EB002DEC4B /* FFmpegPlayer.entitlements */,
				3E7B64712911993300FDB51F /* Products */,
			);
			sourceTree = "<group>";
		};
		3E7B64712911993300FDB51F /* Products */ = {
			isa = PBXGroup;
			children = (
				3E7B64702911993300FDB51F /* FFmpegPlayer.app */,
			);
			name = Products;
			sourceTree = "<group>";
		};
		3E7B6480291199B600FDB51F /* Sources */ = {
			isa = PBXGroup;
			children = (
				3E7B64AB291199B600FDB51F /* AppDelegate.swift */,
				3E7B6481291199B600FDB51F /* Constants.swift */,
				3E7B6482291199B600FDB51F /* UI */,
				3E7B6489291199B600FDB51F /* FFmpeg */,
				3E7B64A3291199B600FDB51F /* Utils */,
				3E7B6524291199B600FDB51F /* Metadata */,
				3E7B6527291199B600FDB51F /* Player */,
			);
			path = Sources;
			sourceTree = "<group>";
		};
		3E7B6482291199B600FDB51F /* UI */ = {
			isa = PBXGroup;
			children = (
				3E7B6486291199B600FDB51F /* MainMenu.xib */,
				3E7B6483291199B600FDB51F /* OpenDialogButtonCell.swift */,
				3E7B6484291199B600FDB51F /* SliderCells.swift */,
				3E7B6485291199B600FDB51F /* PlayerViewController.swift */,
				3E7B6488291199B600FDB51F /* UIExtensions.swift */,
			);
			path = UI;
			sourceTree = "<group>";
		};
		3E7B6489291199B600FDB51F /* FFmpeg */ = {
			isa = PBXGroup;
			children = (
				3E7B6498291199B600FDB51F /* ffmpeg.h */,
				3E7B64A2291199B600FDB51F /* ffmpeg.c */,
				3E7B648A291199B600FDB51F /* Wrappers */,
				3E7B6499291199B600FDB51F /* Utils */,
			);
			path = FFmpeg;
			sourceTree = "<group>";
		};
		3E7B648A291199B600FDB51F /* Wrappers */ = {
			isa = PBXGroup;
			children = (
				3E7B648B291199B600FDB51F /* FFmpegAudioStream.swift */,
				3E7B648C291199B600FDB51F /* FFmpegAudioFormat.swift */,
				3E7B648D291199B600FDB51F /* FFmpegFrame.swift */,
				3E7B648E291199B600FDB51F /* FFmpegResamplingContext.swift */,
				3E7B648F291199B600FDB51F /* FFmpegSampleFormat.swift */,
				3E7B6490291199B600FDB51F /* FFmpegAudioCodec.swift */,
				3E7B6491291199B600FDB51F /* FFmpegImageStream.swift */,
				3E7B6492291199B600FDB51F /* FFmpegChapter.swift */,
				3E7B6493291199B600FDB51F /* FFmpegPacket.swift */,
				3E7B6494291199B600FDB51F /* AudioFileContext.swift */,
				3E7B6495291199B600FDB51F /* FFmpegFormatContext.swift */,
				3E7B6496291199B600FDB51F /* FFmpegStreamProtocol.swift */,
				3E7B6497291199B600FDB51F /* FFmpegCodec.swift */,
				3E1B58832C583F210097ABBF /* FFmpegChannelLayout.swift */,
			);
			path = Wrappers;
			sourceTree = "<group>";
		};
		3E7B6499291199B600FDB51F /* Utils */ = {
			isa = PBXGroup;
			children = (
				3E7B649A291199B600FDB51F /* FFmpegDecoder.swift */,
				3E7B649B291199B600FDB51F /* FFmpegPacketTable.swift */,
				3E7B649C291199B600FDB51F /* FFmpegFrameBuffer.swift */,
				3E7B649D291199B600FDB51F /* FFmpegDecoder+PCMBuffer.swift */,
				3E7B649E291199B600FDB51F /* FFmpegErrors.swift */,
				3E7B649F291199B600FDB51F /* FFmpegPacketFrames.swift */,
				3E7B64A1291199B600FDB51F /* FFmpegMetadataReader.swift */,
			);
			path = Utils;
			sourceTree = "<group>";
		};
		3E7B64A3291199B600FDB51F /* Utils */ = {
			isa = PBXGroup;
			children = (
				3E7B64A4291199B600FDB51F /* UtilsExtensions.swift */,
				3E7B64A5291199B600FDB51F /* ConcurrentArray.swift */,
				3E7B64A6291199B600FDB51F /* NumericStringFormatter.swift */,
				3E7B64A7291199B600FDB51F /* AtomicCounter.swift */,
				3E7B64A8291199B600FDB51F /* BufferFileWriter.swift */,
				3E7B64A9291199B600FDB51F /* Queue.swift */,
				3E7B64AA291199B600FDB51F /* Mapper.swift */,
			);
			path = Utils;
			sourceTree = "<group>";
		};
		3E7B6524291199B600FDB51F /* Metadata */ = {
			isa = PBXGroup;
			children = (
				3E7B6525291199B600FDB51F /* MetadataReader.swift */,
				3E7B6526291199B600FDB51F /* TrackInfo.swift */,
			);
			path = Metadata;
			sourceTree = "<group>";
		};
		3E7B6527291199B600FDB51F /* Player */ = {
			isa = PBXGroup;
			children = (
				3E7B6528291199B600FDB51F /* PlayerScheduling.swift */,
				3E7B6529291199B600FDB51F /* Utils */,
				3E7B652B291199B600FDB51F /* Player.swift */,
				3E7B652C291199B600FDB51F /* AudioEngine.swift */,
			);
			path = Player;
			sourceTree = "<group>";
		};
		3E7B6529291199B600FDB51F /* Utils */ = {
			isa = PBXGroup;
			children = (
				3E7B652A291199B600FDB51F /* AVFUtils.swift */,
			);
			path = Utils;
			sourceTree = "<group>";
		};
		3E7B6557291199BF00FDB51F /* Resources */ = {
			isa = PBXGroup;
			children = (
				3E7B6558291199BF00FDB51F /* ffmpeg */,
				3E7B656F291199BF00FDB51F /* Assets.xcassets */,
			);
			path = Resources;
			sourceTree = "<group>";
		};
		3E7B6558291199BF00FDB51F /* ffmpeg */ = {
			isa = PBXGroup;
			children = (
				3E7B6561291199BF00FDB51F /* build-ffmpeg.sh */,
				3E7B6569291199BF00FDB51F /* README.txt */,
			);
			path = ffmpeg;
			sourceTree = "<group>";
		};
		3E7B6588291199C700FDB51F /* Frameworks */ = {
			isa = PBXGroup;
			children = (
				3E7B6589291199C700FDB51F /* libavformat.xcframework */,
				3E7B658A291199C700FDB51F /* libavutil.xcframework */,
				3E7B658B291199C700FDB51F /* libavcodec.xcframework */,
				3E7B658C291199C700FDB51F /* libswresample.xcframework */,
			);
			path = Frameworks;
			sourceTree = "<group>";
		};
/* End PBXGroup section */

/* Begin PBXNativeTarget section */
		3E7B646F2911993300FDB51F /* FFmpegPlayer */ = {
			isa = PBXNativeTarget;
			buildConfigurationList = 3E7B647D2911993400FDB51F /* Build configuration list for PBXNativeTarget "FFmpegPlayer" */;
			buildPhases = (
				3E7B646C2911993300FDB51F /* Sources */,
				3E7B646D2911993300FDB51F /* Frameworks */,
				3E7B646E2911993300FDB51F /* Resources */,
				3E7B659429119AD700FDB51F /* Embed Frameworks */,
			);
			buildRules = (
			);
			dependencies = (
			);
			name = FFmpegPlayer;
			productName = FFmpegPlayer;
			productReference = 3E7B64702911993300FDB51F /* FFmpegPlayer.app */;
			productType = "com.apple.product-type.application";
		};
/* End PBXNativeTarget section */

/* Begin PBXProject section */
		3E7B64682911993300FDB51F /* Project object */ = {
			isa = PBXProject;
			attributes = {
				BuildIndependentTargetsInParallel = 1;
				LastSwiftUpdateCheck = 1320;
				LastUpgradeCheck = 1320;
				TargetAttributes = {
					3E7B646F2911993300FDB51F = {
						CreatedOnToolsVersion = 13.2.1;
					};
				};
			};
			buildConfigurationList = 3E7B646B2911993300FDB51F /* Build configuration list for PBXProject "FFmpegPlayer" */;
			compatibilityVersion = "Xcode 13.0";
			developmentRegion = en;
			hasScannedForEncodings = 0;
			knownRegions = (
				en,
				Base,
			);
			mainGroup = 3E7B64672911993300FDB51F;
			productRefGroup = 3E7B64712911993300FDB51F /* Products */;
			projectDirPath = "";
			projectRoot = "";
			targets = (
				3E7B646F2911993300FDB51F /* FFmpegPlayer */,
			);
		};
/* End PBXProject section */

/* Begin PBXResourcesBuildPhase section */
		3E7B646E2911993300FDB51F /* Resources */ = {
			isa = PBXResourcesBuildPhase;
			buildActionMask = 2147483647;
			files = (
				3E1B587C2C58198E0097ABBF /* common.sh in Resources */,
				3E1B58802C58198E0097ABBF /* README.txt in Resources */,
				3E7B6585291199BF00FDB51F /* Assets.xcassets in Resources */,
				3E1B587A2C58198E0097ABBF /* build.sh in Resources */,
				3E7B6531291199B600FDB51F /* MainMenu.xib in Resources */,
			);
			runOnlyForDeploymentPostprocessing = 0;
		};
/* End PBXResourcesBuildPhase section */

/* Begin PBXSourcesBuildPhase section */
		3E7B646C2911993300FDB51F /* Sources */ = {
			isa = PBXSourcesBuildPhase;
			buildActionMask = 2147483647;
			files = (
				3E7B6538291199B600FDB51F /* FFmpegAudioCodec.swift in Sources */,
				3E7B6540291199B600FDB51F /* FFmpegDecoder.swift in Sources */,
				3E1B58842C583F210097ABBF /* FFmpegChannelLayout.swift in Sources */,
				3E7B6543291199B600FDB51F /* FFmpegDecoder+PCMBuffer.swift in Sources */,
				3E1B58852C58423A0097ABBF /* ffmpeg.c in Sources */,
				3E7B6551291199B600FDB51F /* MetadataReader.swift in Sources */,
				3E7B6536291199B600FDB51F /* FFmpegResamplingContext.swift in Sources */,
				3E7B6547291199B600FDB51F /* FFmpegMetadataReader.swift in Sources */,
				3E7B654B291199B600FDB51F /* NumericStringFormatter.swift in Sources */,
				3E7B652D291199B600FDB51F /* Constants.swift in Sources */,
				3E7B6533291199B600FDB51F /* FFmpegAudioStream.swift in Sources */,
				3E7B654D291199B600FDB51F /* BufferFileWriter.swift in Sources */,
				3E7B6542291199B600FDB51F /* FFmpegFrameBuffer.swift in Sources */,
				3E7B654F291199B600FDB51F /* Mapper.swift in Sources */,
				3E7B653A291199B600FDB51F /* FFmpegChapter.swift in Sources */,
				3E7B6549291199B600FDB51F /* UtilsExtensions.swift in Sources */,
				3E7B6554291199B600FDB51F /* AVFUtils.swift in Sources */,
				3E7B6537291199B600FDB51F /* FFmpegSampleFormat.swift in Sources */,
				3E7B6552291199B600FDB51F /* TrackInfo.swift in Sources */,
				3E7B654C291199B600FDB51F /* AtomicCounter.swift in Sources */,
				3E7B6530291199B600FDB51F /* PlayerViewController.swift in Sources */,
				3E7B653D291199B600FDB51F /* FFmpegFormatContext.swift in Sources */,
				3E7B6539291199B600FDB51F /* FFmpegImageStream.swift in Sources */,
				3E7B6550291199B600FDB51F /* AppDelegate.swift in Sources */,
				3E7B6544291199B600FDB51F /* FFmpegErrors.swift in Sources */,
				3E7B652F291199B600FDB51F /* SliderCells.swift in Sources */,
				3E7B6535291199B600FDB51F /* FFmpegFrame.swift in Sources */,
				3E7B6534291199B600FDB51F /* FFmpegAudioFormat.swift in Sources */,
				3E7B6553291199B600FDB51F /* PlayerScheduling.swift in Sources */,
				3E7B6555291199B600FDB51F /* Player.swift in Sources */,
				3E7B6532291199B600FDB51F /* UIExtensions.swift in Sources */,
				3E7B653C291199B600FDB51F /* AudioFileContext.swift in Sources */,
				3E7B653E291199B600FDB51F /* FFmpegStreamProtocol.swift in Sources */,
				3E7B654E291199B600FDB51F /* Queue.swift in Sources */,
				3E7B653B291199B600FDB51F /* FFmpegPacket.swift in Sources */,
				3E7B652E291199B600FDB51F /* OpenDialogButtonCell.swift in Sources */,
				3E7B654A291199B600FDB51F /* ConcurrentArray.swift in Sources */,
				3E7B6556291199B600FDB51F /* AudioEngine.swift in Sources */,
				3E7B653F291199B600FDB51F /* FFmpegCodec.swift in Sources */,
				3E7B6545291199B600FDB51F /* FFmpegPacketFrames.swift in Sources */,
				3E7B6541291199B600FDB51F /* FFmpegPacketTable.swift in Sources */,
			);
			runOnlyForDeploymentPostprocessing = 0;
		};
/* End PBXSourcesBuildPhase section */

/* Begin PBXVariantGroup section */
		3E7B6486291199B600FDB51F /* MainMenu.xib */ = {
			isa = PBXVariantGroup;
			children = (
				3E7B6487291199B600FDB51F /* Base */,
			);
			name = MainMenu.xib;
			sourceTree = "<group>";
		};
/* End PBXVariantGroup section */

/* Begin XCBuildConfiguration section */
		3E7B647B2911993400FDB51F /* Debug */ = {
			isa = XCBuildConfiguration;
			buildSettings = {
				ALWAYS_SEARCH_USER_PATHS = NO;
				CLANG_ANALYZER_NONNULL = YES;
				CLANG_ANALYZER_NUMBER_OBJECT_CONVERSION = YES_AGGRESSIVE;
				CLANG_CXX_LANGUAGE_STANDARD = "gnu++17";
				CLANG_CXX_LIBRARY = "libc++";
				CLANG_ENABLE_MODULES = YES;
				CLANG_ENABLE_OBJC_ARC = YES;
				CLANG_ENABLE_OBJC_WEAK = YES;
				CLANG_WARN_BLOCK_CAPTURE_AUTORELEASING = YES;
				CLANG_WARN_BOOL_CONVERSION = YES;
				CLANG_WARN_COMMA = YES;
				CLANG_WARN_CONSTANT_CONVERSION = YES;
				CLANG_WARN_DEPRECATED_OBJC_IMPLEMENTATIONS = YES;
				CLANG_WARN_DIRECT_OBJC_ISA_USAGE = YES_ERROR;
				CLANG_WARN_DOCUMENTATION_COMMENTS = YES;
				CLANG_WARN_EMPTY_BODY = YES;
				CLANG_WARN_ENUM_CONVERSION = YES;
				CLANG_WARN_INFINITE_RECURSION = YES;
				CLANG_WARN_INT_CONVERSION = YES;
				CLANG_WARN_NON_LITERAL_NULL_CONVERSION = YES;
				CLANG_WARN_OBJC_IMPLICIT_RETAIN_SELF = YES;
				CLANG_WARN_OBJC_LITERAL_CONVERSION = YES;
				CLANG_WARN_OBJC_ROOT_CLASS = YES_ERROR;
				CLANG_WARN_QUOTED_INCLUDE_IN_FRAMEWORK_HEADER = YES;
				CLANG_WARN_RANGE_LOOP_ANALYSIS = YES;
				CLANG_WARN_STRICT_PROTOTYPES = YES;
				CLANG_WARN_SUSPICIOUS_MOVE = YES;
				CLANG_WARN_UNGUARDED_AVAILABILITY = YES_AGGRESSIVE;
				CLANG_WARN_UNREACHABLE_CODE = YES;
				CLANG_WARN__DUPLICATE_METHOD_MATCH = YES;
				COPY_PHASE_STRIP = NO;
				DEBUG_INFORMATION_FORMAT = dwarf;
				ENABLE_STRICT_OBJC_MSGSEND = YES;
				ENABLE_TESTABILITY = YES;
				GCC_C_LANGUAGE_STANDARD = gnu11;
				GCC_DYNAMIC_NO_PIC = NO;
				GCC_NO_COMMON_BLOCKS = YES;
				GCC_OPTIMIZATION_LEVEL = 0;
				GCC_PREPROCESSOR_DEFINITIONS = (
					"DEBUG=1",
					"$(inherited)",
				);
				GCC_WARN_64_TO_32_BIT_CONVERSION = YES;
				GCC_WARN_ABOUT_RETURN_TYPE = YES_ERROR;
				GCC_WARN_UNDECLARED_SELECTOR = YES;
				GCC_WARN_UNINITIALIZED_AUTOS = YES_AGGRESSIVE;
				GCC_WARN_UNUSED_FUNCTION = YES;
				GCC_WARN_UNUSED_VARIABLE = YES;
				MACOSX_DEPLOYMENT_TARGET = 11.5;
				MTL_ENABLE_DEBUG_INFO = INCLUDE_SOURCE;
				MTL_FAST_MATH = YES;
				ONLY_ACTIVE_ARCH = YES;
				SDKROOT = macosx;
				SWIFT_ACTIVE_COMPILATION_CONDITIONS = DEBUG;
				SWIFT_OPTIMIZATION_LEVEL = "-Onone";
			};
			name = Debug;
		};
		3E7B647C2911993400FDB51F /* Release */ = {
			isa = XCBuildConfiguration;
			buildSettings = {
				ALWAYS_SEARCH_USER_PATHS = NO;
				CLANG_ANALYZER_NONNULL = YES;
				CLANG_ANALYZER_NUMBER_OBJECT_CONVERSION = YES_AGGRESSIVE;
				CLANG_CXX_LANGUAGE_STANDARD = "gnu++17";
				CLANG_CXX_LIBRARY = "libc++";
				CLANG_ENABLE_MODULES = YES;
				CLANG_ENABLE_OBJC_ARC = YES;
				CLANG_ENABLE_OBJC_WEAK = YES;
				CLANG_WARN_BLOCK_CAPTURE_AUTORELEASING = YES;
				CLANG_WARN_BOOL_CONVERSION = YES;
				CLANG_WARN_COMMA = YES;
				CLANG_WARN_CONSTANT_CONVERSION = YES;
				CLANG_WARN_DEPRECATED_OBJC_IMPLEMENTATIONS = YES;
				CLANG_WARN_DIRECT_OBJC_ISA_USAGE = YES_ERROR;
				CLANG_WARN_DOCUMENTATION_COMMENTS = YES;
				CLANG_WARN_EMPTY_BODY = YES;
				CLANG_WARN_ENUM_CONVERSION = YES;
				CLANG_WARN_INFINITE_RECURSION = YES;
				CLANG_WARN_INT_CONVERSION = YES;
				CLANG_WARN_NON_LITERAL_NULL_CONVERSION = YES;
				CLANG_WARN_OBJC_IMPLICIT_RETAIN_SELF = YES;
				CLANG_WARN_OBJC_LITERAL_CONVERSION = YES;
				CLANG_WARN_OBJC_ROOT_CLASS = YES_ERROR;
				CLANG_WARN_QUOTED_INCLUDE_IN_FRAMEWORK_HEADER = YES;
				CLANG_WARN_RANGE_LOOP_ANALYSIS = YES;
				CLANG_WARN_STRICT_PROTOTYPES = YES;
				CLANG_WARN_SUSPICIOUS_MOVE = YES;
				CLANG_WARN_UNGUARDED_AVAILABILITY = YES_AGGRESSIVE;
				CLANG_WARN_UNREACHABLE_CODE = YES;
				CLANG_WARN__DUPLICATE_METHOD_MATCH = YES;
				COPY_PHASE_STRIP = NO;
				DEBUG_INFORMATION_FORMAT = "dwarf-with-dsym";
				ENABLE_NS_ASSERTIONS = NO;
				ENABLE_STRICT_OBJC_MSGSEND = YES;
				GCC_C_LANGUAGE_STANDARD = gnu11;
				GCC_NO_COMMON_BLOCKS = YES;
				GCC_WARN_64_TO_32_BIT_CONVERSION = YES;
				GCC_WARN_ABOUT_RETURN_TYPE = YES_ERROR;
				GCC_WARN_UNDECLARED_SELECTOR = YES;
				GCC_WARN_UNINITIALIZED_AUTOS = YES_AGGRESSIVE;
				GCC_WARN_UNUSED_FUNCTION = YES;
				GCC_WARN_UNUSED_VARIABLE = YES;
				MACOSX_DEPLOYMENT_TARGET = 11.5;
				MTL_ENABLE_DEBUG_INFO = NO;
				MTL_FAST_MATH = YES;
				SDKROOT = macosx;
				SWIFT_COMPILATION_MODE = wholemodule;
				SWIFT_OPTIMIZATION_LEVEL = "-O";
			};
			name = Release;
		};
		3E7B647E2911993400FDB51F /* Debug */ = {
			isa = XCBuildConfiguration;
			buildSettings = {
				ASSETCATALOG_COMPILER_APPICON_NAME = AppIcon;
				ASSETCATALOG_COMPILER_GLOBAL_ACCENT_COLOR_NAME = AccentColor;
				CLANG_WARN_DOCUMENTATION_COMMENTS = NO;
				CODE_SIGN_ENTITLEMENTS = FFmpegPlayer.entitlements;
				CODE_SIGN_IDENTITY = "-";
				CODE_SIGN_STYLE = Automatic;
				COMBINE_HIDPI_IMAGES = YES;
				CURRENT_PROJECT_VERSION = 1;
				DEVELOPMENT_TEAM = "";
				ENABLE_HARDENED_RUNTIME = NO;
				GENERATE_INFOPLIST_FILE = NO;
				HEADER_SEARCH_PATHS = (
					"${SOURCE_ROOT}/Frameworks/**",
					"${SOURCE_ROOT}/Source/FFmpeg",
				);
				INFOPLIST_FILE = "$(PROJECT_DIR)/Info.plist";
				INFOPLIST_KEY_NSHumanReadableCopyright = "";
				INFOPLIST_KEY_NSMainNibFile = MainMenu;
				INFOPLIST_KEY_NSPrincipalClass = NSApplication;
				LD_RUNPATH_SEARCH_PATHS = (
					"$(inherited)",
					"@executable_path/../Frameworks",
				);
				LIBRARY_SEARCH_PATHS = (
					"$(inherited)",
					"$(PROJECT_DIR)/Resources/ffmpeg/sharedLibs",
				);
				MACOSX_DEPLOYMENT_TARGET = 10.13;
				MARKETING_VERSION = 1.0;
				OTHER_CODE_SIGN_FLAGS = "";
				PRODUCT_BUNDLE_IDENTIFIER = com.kv.FFmpegPlayer;
				PRODUCT_NAME = "$(TARGET_NAME)";
				PROVISIONING_PROFILE_SPECIFIER = "";
				SWIFT_EMIT_LOC_STRINGS = YES;
				SWIFT_OBJC_BRIDGING_HEADER = Sources/FFmpeg/ffmpeg.h;
				SWIFT_VERSION = 5.0;
			};
			name = Debug;
		};
		3E7B647F2911993400FDB51F /* Release */ = {
			isa = XCBuildConfiguration;
			buildSettings = {
				ASSETCATALOG_COMPILER_APPICON_NAME = AppIcon;
				ASSETCATALOG_COMPILER_GLOBAL_ACCENT_COLOR_NAME = AccentColor;
				CLANG_WARN_DOCUMENTATION_COMMENTS = NO;
				CODE_SIGN_ENTITLEMENTS = FFmpegPlayer.entitlements;
				CODE_SIGN_IDENTITY = "-";
				CODE_SIGN_STYLE = Automatic;
				COMBINE_HIDPI_IMAGES = YES;
				CURRENT_PROJECT_VERSION = 1;
				DEVELOPMENT_TEAM = C4YUF2G676;
				ENABLE_HARDENED_RUNTIME = NO;
				GENERATE_INFOPLIST_FILE = NO;
				HEADER_SEARCH_PATHS = (
					"${SOURCE_ROOT}/Frameworks/**",
					"${SOURCE_ROOT}/Source/FFmpeg",
				);
				INFOPLIST_FILE = "$(PROJECT_DIR)/Info.plist";
				INFOPLIST_KEY_NSHumanReadableCopyright = "";
				INFOPLIST_KEY_NSMainNibFile = MainMenu;
				INFOPLIST_KEY_NSPrincipalClass = NSApplication;
				LD_RUNPATH_SEARCH_PATHS = (
					"$(inherited)",
					"@executable_path/../Frameworks",
				);
				LIBRARY_SEARCH_PATHS = (
					"$(inherited)",
					"$(PROJECT_DIR)/Resources/ffmpeg/sharedLibs",
				);
				MACOSX_DEPLOYMENT_TARGET = 10.13;
				MARKETING_VERSION = 1.0;
				OTHER_CODE_SIGN_FLAGS = "";
				PRODUCT_BUNDLE_IDENTIFIER = com.kv.FFmpegPlayer;
				PRODUCT_NAME = "$(TARGET_NAME)";
				PROVISIONING_PROFILE_SPECIFIER = "";
				SWIFT_EMIT_LOC_STRINGS = YES;
				SWIFT_OBJC_BRIDGING_HEADER = Sources/FFmpeg/ffmpeg.h;
				SWIFT_VERSION = 5.0;
			};
			name = Release;
		};
/* End XCBuildConfiguration section */

/* Begin XCConfigurationList section */
		3E7B646B2911993300FDB51F /* Build configuration list for PBXProject "FFmpegPlayer" */ = {
			isa = XCConfigurationList;
			buildConfigurations = (
				3E7B647B2911993400FDB51F /* Debug */,
				3E7B647C2911993400FDB51F /* Release */,
			);
			defaultConfigurationIsVisible = 0;
			defaultConfigurationName = Release;
		};
		3E7B647D2911993400FDB51F /* Build configuration list for PBXNativeTarget "FFmpegPlayer" */ = {
			isa = XCConfigurationList;
			buildConfigurations = (
				3E7B647E2911993400FDB51F /* Debug */,
				3E7B647F2911993400FDB51F /* Release */,
			);
			defaultConfigurationIsVisible = 0;
			defaultConfigurationName = Release;
		};
/* End XCConfigurationList section */
	};
	rootObject = 3E7B64682911993300FDB51F /* Project object */;
}
