// !$*UTF8*$!
{
	archiveVersion = 1;
	classes = {
	};
	objectVersion = 50;
	objects = {

/* Begin PBXBuildFile section */
		3E30994A24CF0928005A9A8B /* ChannelLayoutString.swift in Sources */ = {isa = PBXBuildFile; fileRef = 3E30994924CF0928005A9A8B /* ChannelLayoutString.swift */; };
		3E44219324CD95C800E4FF04 /* libavcodec.a in Frameworks */ = {isa = PBXBuildFile; fileRef = 3E44219024CD95B500E4FF04 /* libavcodec.a */; };
		3E44219424CD95C800E4FF04 /* libavdevice.a in Frameworks */ = {isa = PBXBuildFile; fileRef = 3E44219224CD95B500E4FF04 /* libavdevice.a */; };
		3E44219524CD95C800E4FF04 /* libavfilter.a in Frameworks */ = {isa = PBXBuildFile; fileRef = 3E44218B24CD95B500E4FF04 /* libavfilter.a */; };
		3E44219624CD95C800E4FF04 /* libavformat.a in Frameworks */ = {isa = PBXBuildFile; fileRef = 3E44218D24CD95B500E4FF04 /* libavformat.a */; };
		3E44219724CD95C800E4FF04 /* libavresample.a in Frameworks */ = {isa = PBXBuildFile; fileRef = 3E44218E24CD95B500E4FF04 /* libavresample.a */; };
		3E44219824CD95C800E4FF04 /* libavutil.a in Frameworks */ = {isa = PBXBuildFile; fileRef = 3E44218A24CD95B500E4FF04 /* libavutil.a */; };
		3E44219924CD95C800E4FF04 /* libpostproc.a in Frameworks */ = {isa = PBXBuildFile; fileRef = 3E44219124CD95B500E4FF04 /* libpostproc.a */; };
		3E44219A24CD95C800E4FF04 /* libswresample.a in Frameworks */ = {isa = PBXBuildFile; fileRef = 3E44218F24CD95B500E4FF04 /* libswresample.a */; };
		3E44219B24CD95C800E4FF04 /* libswscale.a in Frameworks */ = {isa = PBXBuildFile; fileRef = 3E44218C24CD95B500E4FF04 /* libswscale.a */; };
		3E44219F24CD96A800E4FF04 /* ffmpeg.c in Sources */ = {isa = PBXBuildFile; fileRef = 3E44219E24CD96A800E4FF04 /* ffmpeg.c */; };
		3E4421A924CD970B00E4FF04 /* libavfilter in Resources */ = {isa = PBXBuildFile; fileRef = 3E4421A024CD970B00E4FF04 /* libavfilter */; };
		3E4421AA24CD970B00E4FF04 /* libavdevice in Resources */ = {isa = PBXBuildFile; fileRef = 3E4421A124CD970B00E4FF04 /* libavdevice */; };
		3E4421AB24CD970B00E4FF04 /* libavcodec in Resources */ = {isa = PBXBuildFile; fileRef = 3E4421A224CD970B00E4FF04 /* libavcodec */; };
		3E4421AC24CD970B00E4FF04 /* libavformat in Resources */ = {isa = PBXBuildFile; fileRef = 3E4421A324CD970B00E4FF04 /* libavformat */; };
		3E4421AD24CD970B00E4FF04 /* libavutil in Resources */ = {isa = PBXBuildFile; fileRef = 3E4421A424CD970B00E4FF04 /* libavutil */; };
		3E4421AE24CD970B00E4FF04 /* libswscale in Resources */ = {isa = PBXBuildFile; fileRef = 3E4421A524CD970B00E4FF04 /* libswscale */; };
		3E4421AF24CD970B00E4FF04 /* libswresample in Resources */ = {isa = PBXBuildFile; fileRef = 3E4421A624CD970B00E4FF04 /* libswresample */; };
		3E4421B024CD970B00E4FF04 /* libavresample in Resources */ = {isa = PBXBuildFile; fileRef = 3E4421A724CD970B00E4FF04 /* libavresample */; };
		3E4421B124CD970B00E4FF04 /* libpostproc in Resources */ = {isa = PBXBuildFile; fileRef = 3E4421A824CD970B00E4FF04 /* libpostproc */; };
		3EC786B024C60ABC0005F5C7 /* AppDelegate.swift in Sources */ = {isa = PBXBuildFile; fileRef = 3EC786AF24C60ABC0005F5C7 /* AppDelegate.swift */; };
		3EC786B224C60ABD0005F5C7 /* Assets.xcassets in Resources */ = {isa = PBXBuildFile; fileRef = 3EC786B124C60ABD0005F5C7 /* Assets.xcassets */; };
		3EC786B524C60ABD0005F5C7 /* MainMenu.xib in Resources */ = {isa = PBXBuildFile; fileRef = 3EC786B324C60ABD0005F5C7 /* MainMenu.xib */; };
/* End PBXBuildFile section */

/* Begin PBXFileReference section */
		3E30994924CF0928005A9A8B /* ChannelLayoutString.swift */ = {isa = PBXFileReference; lastKnownFileType = sourcecode.swift; path = ChannelLayoutString.swift; sourceTree = "<group>"; };
		3E44218A24CD95B500E4FF04 /* libavutil.a */ = {isa = PBXFileReference; lastKnownFileType = archive.ar; name = libavutil.a; path = ../../../../../usr/local/Cellar/ffmpeg/4.3_1/lib/libavutil.a; sourceTree = "<group>"; };
		3E44218B24CD95B500E4FF04 /* libavfilter.a */ = {isa = PBXFileReference; lastKnownFileType = archive.ar; name = libavfilter.a; path = ../../../../../usr/local/Cellar/ffmpeg/4.3_1/lib/libavfilter.a; sourceTree = "<group>"; };
		3E44218C24CD95B500E4FF04 /* libswscale.a */ = {isa = PBXFileReference; lastKnownFileType = archive.ar; name = libswscale.a; path = ../../../../../usr/local/Cellar/ffmpeg/4.3_1/lib/libswscale.a; sourceTree = "<group>"; };
		3E44218D24CD95B500E4FF04 /* libavformat.a */ = {isa = PBXFileReference; lastKnownFileType = archive.ar; name = libavformat.a; path = ../../../../../usr/local/Cellar/ffmpeg/4.3_1/lib/libavformat.a; sourceTree = "<group>"; };
		3E44218E24CD95B500E4FF04 /* libavresample.a */ = {isa = PBXFileReference; lastKnownFileType = archive.ar; name = libavresample.a; path = ../../../../../usr/local/Cellar/ffmpeg/4.3_1/lib/libavresample.a; sourceTree = "<group>"; };
		3E44218F24CD95B500E4FF04 /* libswresample.a */ = {isa = PBXFileReference; lastKnownFileType = archive.ar; name = libswresample.a; path = ../../../../../usr/local/Cellar/ffmpeg/4.3_1/lib/libswresample.a; sourceTree = "<group>"; };
		3E44219024CD95B500E4FF04 /* libavcodec.a */ = {isa = PBXFileReference; lastKnownFileType = archive.ar; name = libavcodec.a; path = ../../../../../usr/local/Cellar/ffmpeg/4.3_1/lib/libavcodec.a; sourceTree = "<group>"; };
		3E44219124CD95B500E4FF04 /* libpostproc.a */ = {isa = PBXFileReference; lastKnownFileType = archive.ar; name = libpostproc.a; path = ../../../../../usr/local/Cellar/ffmpeg/4.3_1/lib/libpostproc.a; sourceTree = "<group>"; };
		3E44219224CD95B500E4FF04 /* libavdevice.a */ = {isa = PBXFileReference; lastKnownFileType = archive.ar; name = libavdevice.a; path = ../../../../../usr/local/Cellar/ffmpeg/4.3_1/lib/libavdevice.a; sourceTree = "<group>"; };
		3E44219C24CD969000E4FF04 /* ffmpeg.h */ = {isa = PBXFileReference; lastKnownFileType = sourcecode.c.h; path = ffmpeg.h; sourceTree = "<group>"; };
		3E44219D24CD96A800E4FF04 /* UInt8-Bridging-Header.h */ = {isa = PBXFileReference; lastKnownFileType = sourcecode.c.h; path = "UInt8-Bridging-Header.h"; sourceTree = "<group>"; };
		3E44219E24CD96A800E4FF04 /* ffmpeg.c */ = {isa = PBXFileReference; lastKnownFileType = sourcecode.c.c; path = ffmpeg.c; sourceTree = "<group>"; };
		3E4421A024CD970B00E4FF04 /* libavfilter */ = {isa = PBXFileReference; lastKnownFileType = folder; path = libavfilter; sourceTree = "<group>"; };
		3E4421A124CD970B00E4FF04 /* libavdevice */ = {isa = PBXFileReference; lastKnownFileType = folder; path = libavdevice; sourceTree = "<group>"; };
		3E4421A224CD970B00E4FF04 /* libavcodec */ = {isa = PBXFileReference; lastKnownFileType = folder; path = libavcodec; sourceTree = "<group>"; };
		3E4421A324CD970B00E4FF04 /* libavformat */ = {isa = PBXFileReference; lastKnownFileType = folder; path = libavformat; sourceTree = "<group>"; };
		3E4421A424CD970B00E4FF04 /* libavutil */ = {isa = PBXFileReference; lastKnownFileType = folder; path = libavutil; sourceTree = "<group>"; };
		3E4421A524CD970B00E4FF04 /* libswscale */ = {isa = PBXFileReference; lastKnownFileType = folder; path = libswscale; sourceTree = "<group>"; };
		3E4421A624CD970B00E4FF04 /* libswresample */ = {isa = PBXFileReference; lastKnownFileType = folder; path = libswresample; sourceTree = "<group>"; };
		3E4421A724CD970B00E4FF04 /* libavresample */ = {isa = PBXFileReference; lastKnownFileType = folder; path = libavresample; sourceTree = "<group>"; };
		3E4421A824CD970B00E4FF04 /* libpostproc */ = {isa = PBXFileReference; lastKnownFileType = folder; path = libpostproc; sourceTree = "<group>"; };
		3EC786AC24C60ABC0005F5C7 /* UInt8.app */ = {isa = PBXFileReference; explicitFileType = wrapper.application; includeInIndex = 0; path = UInt8.app; sourceTree = BUILT_PRODUCTS_DIR; };
		3EC786AF24C60ABC0005F5C7 /* AppDelegate.swift */ = {isa = PBXFileReference; lastKnownFileType = sourcecode.swift; path = AppDelegate.swift; sourceTree = "<group>"; };
		3EC786B124C60ABD0005F5C7 /* Assets.xcassets */ = {isa = PBXFileReference; lastKnownFileType = folder.assetcatalog; path = Assets.xcassets; sourceTree = "<group>"; };
		3EC786B424C60ABD0005F5C7 /* Base */ = {isa = PBXFileReference; lastKnownFileType = file.xib; name = Base; path = Base.lproj/MainMenu.xib; sourceTree = "<group>"; };
		3EC786B624C60ABD0005F5C7 /* Info.plist */ = {isa = PBXFileReference; lastKnownFileType = text.plist.xml; path = Info.plist; sourceTree = "<group>"; };
		3EC786B724C60ABD0005F5C7 /* UInt8.entitlements */ = {isa = PBXFileReference; lastKnownFileType = text.plist.entitlements; path = UInt8.entitlements; sourceTree = "<group>"; };
/* End PBXFileReference section */

/* Begin PBXFrameworksBuildPhase section */
		3EC786A924C60ABC0005F5C7 /* Frameworks */ = {
			isa = PBXFrameworksBuildPhase;
			buildActionMask = 2147483647;
			files = (
				3E44219A24CD95C800E4FF04 /* libswresample.a in Frameworks */,
				3E44219824CD95C800E4FF04 /* libavutil.a in Frameworks */,
				3E44219924CD95C800E4FF04 /* libpostproc.a in Frameworks */,
				3E44219524CD95C800E4FF04 /* libavfilter.a in Frameworks */,
				3E44219424CD95C800E4FF04 /* libavdevice.a in Frameworks */,
				3E44219324CD95C800E4FF04 /* libavcodec.a in Frameworks */,
				3E44219B24CD95C800E4FF04 /* libswscale.a in Frameworks */,
				3E44219624CD95C800E4FF04 /* libavformat.a in Frameworks */,
				3E44219724CD95C800E4FF04 /* libavresample.a in Frameworks */,
			);
			runOnlyForDeploymentPostprocessing = 0;
		};
/* End PBXFrameworksBuildPhase section */

/* Begin PBXGroup section */
		3E44218924CD95B500E4FF04 /* Frameworks */ = {
			isa = PBXGroup;
			children = (
				3E44219024CD95B500E4FF04 /* libavcodec.a */,
				3E44219224CD95B500E4FF04 /* libavdevice.a */,
				3E44218B24CD95B500E4FF04 /* libavfilter.a */,
				3E44218D24CD95B500E4FF04 /* libavformat.a */,
				3E44218E24CD95B500E4FF04 /* libavresample.a */,
				3E44218A24CD95B500E4FF04 /* libavutil.a */,
				3E44219124CD95B500E4FF04 /* libpostproc.a */,
				3E44218F24CD95B500E4FF04 /* libswresample.a */,
				3E44218C24CD95B500E4FF04 /* libswscale.a */,
			);
			name = Frameworks;
			sourceTree = "<group>";
		};
		3EC786A324C60ABC0005F5C7 = {
			isa = PBXGroup;
			children = (
				3EC786AE24C60ABC0005F5C7 /* UInt8 */,
				3EC786AD24C60ABC0005F5C7 /* Products */,
				3E44218924CD95B500E4FF04 /* Frameworks */,
			);
			sourceTree = "<group>";
		};
		3EC786AD24C60ABC0005F5C7 /* Products */ = {
			isa = PBXGroup;
			children = (
				3EC786AC24C60ABC0005F5C7 /* UInt8.app */,
			);
			name = Products;
			sourceTree = "<group>";
		};
		3EC786AE24C60ABC0005F5C7 /* UInt8 */ = {
			isa = PBXGroup;
			children = (
				3EC786AF24C60ABC0005F5C7 /* AppDelegate.swift */,
				3EC786B124C60ABD0005F5C7 /* Assets.xcassets */,
				3EC786B324C60ABD0005F5C7 /* MainMenu.xib */,
				3EC786B624C60ABD0005F5C7 /* Info.plist */,
				3EC786B724C60ABD0005F5C7 /* UInt8.entitlements */,
				3E4421A224CD970B00E4FF04 /* libavcodec */,
				3E4421A124CD970B00E4FF04 /* libavdevice */,
				3E4421A024CD970B00E4FF04 /* libavfilter */,
				3E4421A324CD970B00E4FF04 /* libavformat */,
				3E4421A724CD970B00E4FF04 /* libavresample */,
				3E4421A424CD970B00E4FF04 /* libavutil */,
				3E4421A824CD970B00E4FF04 /* libpostproc */,
				3E4421A624CD970B00E4FF04 /* libswresample */,
				3E4421A524CD970B00E4FF04 /* libswscale */,
				3E44219E24CD96A800E4FF04 /* ffmpeg.c */,
				3E44219C24CD969000E4FF04 /* ffmpeg.h */,
				3E44219D24CD96A800E4FF04 /* UInt8-Bridging-Header.h */,
				3E30994924CF0928005A9A8B /* ChannelLayoutString.swift */,
			);
			path = UInt8;
			sourceTree = "<group>";
		};
/* End PBXGroup section */

/* Begin PBXNativeTarget section */
		3EC786AB24C60ABC0005F5C7 /* UInt8 */ = {
			isa = PBXNativeTarget;
			buildConfigurationList = 3EC786BA24C60ABD0005F5C7 /* Build configuration list for PBXNativeTarget "UInt8" */;
			buildPhases = (
				3EC786A824C60ABC0005F5C7 /* Sources */,
				3EC786A924C60ABC0005F5C7 /* Frameworks */,
				3EC786AA24C60ABC0005F5C7 /* Resources */,
			);
			buildRules = (
			);
			dependencies = (
			);
			name = UInt8;
			productName = UInt8;
			productReference = 3EC786AC24C60ABC0005F5C7 /* UInt8.app */;
			productType = "com.apple.product-type.application";
		};
/* End PBXNativeTarget section */

/* Begin PBXProject section */
		3EC786A424C60ABC0005F5C7 /* Project object */ = {
			isa = PBXProject;
			attributes = {
				LastSwiftUpdateCheck = 1150;
				LastUpgradeCheck = 1150;
				ORGANIZATIONNAME = Kven;
				TargetAttributes = {
					3EC786AB24C60ABC0005F5C7 = {
						CreatedOnToolsVersion = 11.5;
						LastSwiftMigration = 1150;
					};
				};
			};
			buildConfigurationList = 3EC786A724C60ABC0005F5C7 /* Build configuration list for PBXProject "UInt8" */;
			compatibilityVersion = "Xcode 9.3";
			developmentRegion = en;
			hasScannedForEncodings = 0;
			knownRegions = (
				en,
				Base,
			);
			mainGroup = 3EC786A324C60ABC0005F5C7;
			productRefGroup = 3EC786AD24C60ABC0005F5C7 /* Products */;
			projectDirPath = "";
			projectRoot = "";
			targets = (
				3EC786AB24C60ABC0005F5C7 /* UInt8 */,
			);
		};
/* End PBXProject section */

/* Begin PBXResourcesBuildPhase section */
		3EC786AA24C60ABC0005F5C7 /* Resources */ = {
			isa = PBXResourcesBuildPhase;
			buildActionMask = 2147483647;
			files = (
				3E4421B024CD970B00E4FF04 /* libavresample in Resources */,
				3E4421AC24CD970B00E4FF04 /* libavformat in Resources */,
				3E4421AD24CD970B00E4FF04 /* libavutil in Resources */,
				3E4421B124CD970B00E4FF04 /* libpostproc in Resources */,
				3E4421A924CD970B00E4FF04 /* libavfilter in Resources */,
				3E4421AE24CD970B00E4FF04 /* libswscale in Resources */,
				3E4421AB24CD970B00E4FF04 /* libavcodec in Resources */,
				3E4421AA24CD970B00E4FF04 /* libavdevice in Resources */,
				3EC786B224C60ABD0005F5C7 /* Assets.xcassets in Resources */,
				3EC786B524C60ABD0005F5C7 /* MainMenu.xib in Resources */,
				3E4421AF24CD970B00E4FF04 /* libswresample in Resources */,
			);
			runOnlyForDeploymentPostprocessing = 0;
		};
/* End PBXResourcesBuildPhase section */

/* Begin PBXSourcesBuildPhase section */
		3EC786A824C60ABC0005F5C7 /* Sources */ = {
			isa = PBXSourcesBuildPhase;
			buildActionMask = 2147483647;
			files = (
				3E44219F24CD96A800E4FF04 /* ffmpeg.c in Sources */,
				3E30994A24CF0928005A9A8B /* ChannelLayoutString.swift in Sources */,
				3EC786B024C60ABC0005F5C7 /* AppDelegate.swift in Sources */,
			);
			runOnlyForDeploymentPostprocessing = 0;
		};
/* End PBXSourcesBuildPhase section */

/* Begin PBXVariantGroup section */
		3EC786B324C60ABD0005F5C7 /* MainMenu.xib */ = {
			isa = PBXVariantGroup;
			children = (
				3EC786B424C60ABD0005F5C7 /* Base */,
			);
			name = MainMenu.xib;
			sourceTree = "<group>";
		};
/* End PBXVariantGroup section */

/* Begin XCBuildConfiguration section */
		3EC786B824C60ABD0005F5C7 /* Debug */ = {
			isa = XCBuildConfiguration;
			buildSettings = {
				ALWAYS_SEARCH_USER_PATHS = NO;
				CLANG_ANALYZER_NONNULL = YES;
				CLANG_ANALYZER_NUMBER_OBJECT_CONVERSION = YES_AGGRESSIVE;
				CLANG_CXX_LANGUAGE_STANDARD = "gnu++14";
				CLANG_CXX_LIBRARY = "libc++";
				CLANG_ENABLE_MODULES = YES;
				CLANG_ENABLE_OBJC_ARC = YES;
				CLANG_ENABLE_OBJC_WEAK = YES;
				CLANG_WARN_BLOCK_CAPTURE_AUTORELEASING = YES;
				CLANG_WARN_BOOL_CONVERSION = YES;
				CLANG_WARN_COMMA = YES;
				CLANG_WARN_CONSTANT_CONVERSION = YES;
				CLANG_WARN_DEPRECATED_OBJC_IMPLEMENTATIONS = YES;
				CLANG_WARN_DIRECT_OBJC_ISA_USAGE = YES_ERROR;
				CLANG_WARN_DOCUMENTATION_COMMENTS = YES;
				CLANG_WARN_EMPTY_BODY = YES;
				CLANG_WARN_ENUM_CONVERSION = YES;
				CLANG_WARN_INFINITE_RECURSION = YES;
				CLANG_WARN_INT_CONVERSION = YES;
				CLANG_WARN_NON_LITERAL_NULL_CONVERSION = YES;
				CLANG_WARN_OBJC_IMPLICIT_RETAIN_SELF = YES;
				CLANG_WARN_OBJC_LITERAL_CONVERSION = YES;
				CLANG_WARN_OBJC_ROOT_CLASS = YES_ERROR;
				CLANG_WARN_RANGE_LOOP_ANALYSIS = YES;
				CLANG_WARN_STRICT_PROTOTYPES = YES;
				CLANG_WARN_SUSPICIOUS_MOVE = YES;
				CLANG_WARN_UNGUARDED_AVAILABILITY = YES_AGGRESSIVE;
				CLANG_WARN_UNREACHABLE_CODE = YES;
				CLANG_WARN__DUPLICATE_METHOD_MATCH = YES;
				COPY_PHASE_STRIP = NO;
				DEBUG_INFORMATION_FORMAT = dwarf;
				ENABLE_STRICT_OBJC_MSGSEND = YES;
				ENABLE_TESTABILITY = YES;
				GCC_C_LANGUAGE_STANDARD = gnu11;
				GCC_DYNAMIC_NO_PIC = NO;
				GCC_NO_COMMON_BLOCKS = YES;
				GCC_OPTIMIZATION_LEVEL = 0;
				GCC_PREPROCESSOR_DEFINITIONS = (
					"DEBUG=1",
					"$(inherited)",
				);
				GCC_WARN_64_TO_32_BIT_CONVERSION = YES;
				GCC_WARN_ABOUT_RETURN_TYPE = YES_ERROR;
				GCC_WARN_UNDECLARED_SELECTOR = YES;
				GCC_WARN_UNINITIALIZED_AUTOS = YES_AGGRESSIVE;
				GCC_WARN_UNUSED_FUNCTION = YES;
				GCC_WARN_UNUSED_VARIABLE = YES;
				HEADER_SEARCH_PATHS = (
					"/usr/local/Cellar/ffmpeg/4.3_1/include/**",
					"${SOURCE_ROOT}/**",
				);
				MACOSX_DEPLOYMENT_TARGET = 10.15;
				MTL_ENABLE_DEBUG_INFO = INCLUDE_SOURCE;
				MTL_FAST_MATH = YES;
				ONLY_ACTIVE_ARCH = YES;
				SDKROOT = macosx;
				SWIFT_ACTIVE_COMPILATION_CONDITIONS = DEBUG;
				SWIFT_OPTIMIZATION_LEVEL = "-Onone";
			};
			name = Debug;
		};
		3EC786B924C60ABD0005F5C7 /* Release */ = {
			isa = XCBuildConfiguration;
			buildSettings = {
				ALWAYS_SEARCH_USER_PATHS = NO;
				CLANG_ANALYZER_NONNULL = YES;
				CLANG_ANALYZER_NUMBER_OBJECT_CONVERSION = YES_AGGRESSIVE;
				CLANG_CXX_LANGUAGE_STANDARD = "gnu++14";
				CLANG_CXX_LIBRARY = "libc++";
				CLANG_ENABLE_MODULES = YES;
				CLANG_ENABLE_OBJC_ARC = YES;
				CLANG_ENABLE_OBJC_WEAK = YES;
				CLANG_WARN_BLOCK_CAPTURE_AUTORELEASING = YES;
				CLANG_WARN_BOOL_CONVERSION = YES;
				CLANG_WARN_COMMA = YES;
				CLANG_WARN_CONSTANT_CONVERSION = YES;
				CLANG_WARN_DEPRECATED_OBJC_IMPLEMENTATIONS = YES;
				CLANG_WARN_DIRECT_OBJC_ISA_USAGE = YES_ERROR;
				CLANG_WARN_DOCUMENTATION_COMMENTS = YES;
				CLANG_WARN_EMPTY_BODY = YES;
				CLANG_WARN_ENUM_CONVERSION = YES;
				CLANG_WARN_INFINITE_RECURSION = YES;
				CLANG_WARN_INT_CONVERSION = YES;
				CLANG_WARN_NON_LITERAL_NULL_CONVERSION = YES;
				CLANG_WARN_OBJC_IMPLICIT_RETAIN_SELF = YES;
				CLANG_WARN_OBJC_LITERAL_CONVERSION = YES;
				CLANG_WARN_OBJC_ROOT_CLASS = YES_ERROR;
				CLANG_WARN_RANGE_LOOP_ANALYSIS = YES;
				CLANG_WARN_STRICT_PROTOTYPES = YES;
				CLANG_WARN_SUSPICIOUS_MOVE = YES;
				CLANG_WARN_UNGUARDED_AVAILABILITY = YES_AGGRESSIVE;
				CLANG_WARN_UNREACHABLE_CODE = YES;
				CLANG_WARN__DUPLICATE_METHOD_MATCH = YES;
				COPY_PHASE_STRIP = NO;
				DEBUG_INFORMATION_FORMAT = "dwarf-with-dsym";
				ENABLE_NS_ASSERTIONS = NO;
				ENABLE_STRICT_OBJC_MSGSEND = YES;
				GCC_C_LANGUAGE_STANDARD = gnu11;
				GCC_NO_COMMON_BLOCKS = YES;
				GCC_WARN_64_TO_32_BIT_CONVERSION = YES;
				GCC_WARN_ABOUT_RETURN_TYPE = YES_ERROR;
				GCC_WARN_UNDECLARED_SELECTOR = YES;
				GCC_WARN_UNINITIALIZED_AUTOS = YES_AGGRESSIVE;
				GCC_WARN_UNUSED_FUNCTION = YES;
				GCC_WARN_UNUSED_VARIABLE = YES;
				HEADER_SEARCH_PATHS = (
					"/usr/local/Cellar/ffmpeg/4.3_1/include/**",
					"${SOURCE_ROOT}/**",
				);
				MACOSX_DEPLOYMENT_TARGET = 10.15;
				MTL_ENABLE_DEBUG_INFO = NO;
				MTL_FAST_MATH = YES;
				SDKROOT = macosx;
				SWIFT_COMPILATION_MODE = wholemodule;
				SWIFT_OPTIMIZATION_LEVEL = "-O";
			};
			name = Release;
		};
		3EC786BB24C60ABD0005F5C7 /* Debug */ = {
			isa = XCBuildConfiguration;
			buildSettings = {
				ASSETCATALOG_COMPILER_APPICON_NAME = AppIcon;
				CLANG_ENABLE_MODULES = YES;
				CLANG_WARN_DOCUMENTATION_COMMENTS = NO;
				CODE_SIGN_ENTITLEMENTS = UInt8/UInt8.entitlements;
				CODE_SIGN_STYLE = Automatic;
				COMBINE_HIDPI_IMAGES = YES;
				HEADER_SEARCH_PATHS = "${SOURCE_ROOT}/**";
				INFOPLIST_FILE = UInt8/Info.plist;
				LD_RUNPATH_SEARCH_PATHS = (
					"$(inherited)",
					"@executable_path/../Frameworks",
				);
				LIBRARY_SEARCH_PATHS = (
					"$(inherited)",
					/usr/local/Cellar/ffmpeg/4.3_1/lib,
					/usr/local/Cellar/ffmpeg/4.2.2_3/lib,
				);
				MACOSX_DEPLOYMENT_TARGET = 10.12;
				OTHER_LDFLAGS = (
					"-lswresample",
					"-lavformat",
					"-lavutil",
					"-lavcodec",
				);
				PRODUCT_BUNDLE_IDENTIFIER = org.anon.UInt8;
				PRODUCT_NAME = "$(TARGET_NAME)";
				SWIFT_OBJC_BRIDGING_HEADER = "UInt8/UInt8-Bridging-Header.h";
				SWIFT_OPTIMIZATION_LEVEL = "-Onone";
				SWIFT_VERSION = 5.0;
			};
			name = Debug;
		};
		3EC786BC24C60ABD0005F5C7 /* Release */ = {
			isa = XCBuildConfiguration;
			buildSettings = {
				ASSETCATALOG_COMPILER_APPICON_NAME = AppIcon;
				CLANG_ENABLE_MODULES = YES;
				CLANG_WARN_DOCUMENTATION_COMMENTS = NO;
				CODE_SIGN_ENTITLEMENTS = UInt8/UInt8.entitlements;
				CODE_SIGN_STYLE = Automatic;
				COMBINE_HIDPI_IMAGES = YES;
				HEADER_SEARCH_PATHS = "${SOURCE_ROOT}/**";
				INFOPLIST_FILE = UInt8/Info.plist;
				LD_RUNPATH_SEARCH_PATHS = (
					"$(inherited)",
					"@executable_path/../Frameworks",
				);
				LIBRARY_SEARCH_PATHS = (
					"$(inherited)",
					/usr/local/Cellar/ffmpeg/4.3_1/lib,
					/usr/local/Cellar/ffmpeg/4.2.2_3/lib,
				);
				MACOSX_DEPLOYMENT_TARGET = 10.12;
				OTHER_LDFLAGS = (
					"-lswresample",
					"-lavformat",
					"-lavutil",
					"-lavcodec",
				);
				PRODUCT_BUNDLE_IDENTIFIER = org.anon.UInt8;
				PRODUCT_NAME = "$(TARGET_NAME)";
				SWIFT_OBJC_BRIDGING_HEADER = "UInt8/UInt8-Bridging-Header.h";
				SWIFT_VERSION = 5.0;
			};
			name = Release;
		};
/* End XCBuildConfiguration section */

/* Begin XCConfigurationList section */
		3EC786A724C60ABC0005F5C7 /* Build configuration list for PBXProject "UInt8" */ = {
			isa = XCConfigurationList;
			buildConfigurations = (
				3EC786B824C60ABD0005F5C7 /* Debug */,
				3EC786B924C60ABD0005F5C7 /* Release */,
			);
			defaultConfigurationIsVisible = 0;
			defaultConfigurationName = Release;
		};
		3EC786BA24C60ABD0005F5C7 /* Build configuration list for PBXNativeTarget "UInt8" */ = {
			isa = XCConfigurationList;
			buildConfigurations = (
				3EC786BB24C60ABD0005F5C7 /* Debug */,
				3EC786BC24C60ABD0005F5C7 /* Release */,
			);
			defaultConfigurationIsVisible = 0;
			defaultConfigurationName = Release;
		};
/* End XCConfigurationList section */
	};
	rootObject = 3EC786A424C60ABC0005F5C7 /* Project object */;
}
