// !$*UTF8*$!
{
	archiveVersion = 1;
	classes = {
	};
	objectVersion = 50;
	objects = {

/* Begin PBXBuildFile section */
		3E2A84D024DD0E960031BFDC /* libavcodec.58.dylib in Frameworks */ = {isa = PBXBuildFile; fileRef = 3E2A84CC24DD0E960031BFDC /* libavcodec.58.dylib */; };
		3E2A84D124DD0E960031BFDC /* libavutil.56.dylib in Frameworks */ = {isa = PBXBuildFile; fileRef = 3E2A84CD24DD0E960031BFDC /* libavutil.56.dylib */; };
		3E2A84D224DD0E960031BFDC /* libavformat.58.dylib in Frameworks */ = {isa = PBXBuildFile; fileRef = 3E2A84CE24DD0E960031BFDC /* libavformat.58.dylib */; };
		3E2A84D324DD0E960031BFDC /* libswresample.3.dylib in Frameworks */ = {isa = PBXBuildFile; fileRef = 3E2A84CF24DD0E960031BFDC /* libswresample.3.dylib */; };
		3E2A84D424DD0E990031BFDC /* libavcodec.58.dylib in Embed Libraries */ = {isa = PBXBuildFile; fileRef = 3E2A84CC24DD0E960031BFDC /* libavcodec.58.dylib */; settings = {ATTRIBUTES = (CodeSignOnCopy, ); }; };
		3E2A84D524DD0E9B0031BFDC /* libavformat.58.dylib in Embed Libraries */ = {isa = PBXBuildFile; fileRef = 3E2A84CE24DD0E960031BFDC /* libavformat.58.dylib */; settings = {ATTRIBUTES = (CodeSignOnCopy, ); }; };
		3E2A84D624DD0E9C0031BFDC /* libavutil.56.dylib in Embed Libraries */ = {isa = PBXBuildFile; fileRef = 3E2A84CD24DD0E960031BFDC /* libavutil.56.dylib */; settings = {ATTRIBUTES = (CodeSignOnCopy, ); }; };
		3E2A84D724DD0E9D0031BFDC /* libswresample.3.dylib in Embed Libraries */ = {isa = PBXBuildFile; fileRef = 3E2A84CF24DD0E960031BFDC /* libswresample.3.dylib */; settings = {ATTRIBUTES = (CodeSignOnCopy, ); }; };
		3E2A84E024DD253B0031BFDC /* OpenDialogButtonCell.swift in Sources */ = {isa = PBXBuildFile; fileRef = 3E2A84DF24DD253B0031BFDC /* OpenDialogButtonCell.swift */; };
		3E3D249724E26C0200975403 /* PacketFrames.swift in Sources */ = {isa = PBXBuildFile; fileRef = 3E3D249624E26C0200975403 /* PacketFrames.swift */; };
		3E540DE024DC3F28002B3E78 /* AppDelegate.swift in Sources */ = {isa = PBXBuildFile; fileRef = 3E540DDF24DC3F28002B3E78 /* AppDelegate.swift */; };
		3E540DE224DC3F29002B3E78 /* Assets.xcassets in Resources */ = {isa = PBXBuildFile; fileRef = 3E540DE124DC3F29002B3E78 /* Assets.xcassets */; };
		3E540DE524DC3F29002B3E78 /* MainMenu.xib in Resources */ = {isa = PBXBuildFile; fileRef = 3E540DE324DC3F29002B3E78 /* MainMenu.xib */; };
		3E540DF824DC3FC5002B3E78 /* SliderCells.swift in Sources */ = {isa = PBXBuildFile; fileRef = 3E540DF524DC3FC5002B3E78 /* SliderCells.swift */; };
		3E540DF924DC3FC5002B3E78 /* PlayerViewController.swift in Sources */ = {isa = PBXBuildFile; fileRef = 3E540DF624DC3FC5002B3E78 /* PlayerViewController.swift */; };
		3E540DFA24DC3FC5002B3E78 /* UIExtensions.swift in Sources */ = {isa = PBXBuildFile; fileRef = 3E540DF724DC3FC5002B3E78 /* UIExtensions.swift */; };
		3E540E0024DC400E002B3E78 /* Muxer.swift in Sources */ = {isa = PBXBuildFile; fileRef = 3E540DFC24DC400E002B3E78 /* Muxer.swift */; };
		3E540E0124DC400E002B3E78 /* Player.swift in Sources */ = {isa = PBXBuildFile; fileRef = 3E540DFD24DC400E002B3E78 /* Player.swift */; };
		3E540E0224DC400E002B3E78 /* PlayerScheduling.swift in Sources */ = {isa = PBXBuildFile; fileRef = 3E540DFE24DC400E002B3E78 /* PlayerScheduling.swift */; };
		3E540E0324DC400E002B3E78 /* AudioEngine.swift in Sources */ = {isa = PBXBuildFile; fileRef = 3E540DFF24DC400E002B3E78 /* AudioEngine.swift */; };
		3E540E1424DC4044002B3E78 /* FrameBuffer.swift in Sources */ = {isa = PBXBuildFile; fileRef = 3E540E0F24DC4044002B3E78 /* FrameBuffer.swift */; };
		3E540E1524DC4044002B3E78 /* Decoder.swift in Sources */ = {isa = PBXBuildFile; fileRef = 3E540E1024DC4044002B3E78 /* Decoder.swift */; };
		3E540E1624DC4044002B3E78 /* Resampler.swift in Sources */ = {isa = PBXBuildFile; fileRef = 3E540E1124DC4044002B3E78 /* Resampler.swift */; };
		3E540E1824DC4044002B3E78 /* ChannelLayouts.swift in Sources */ = {isa = PBXBuildFile; fileRef = 3E540E1324DC4044002B3E78 /* ChannelLayouts.swift */; };
		3E540E1C24DC4072002B3E78 /* MetadataReader.swift in Sources */ = {isa = PBXBuildFile; fileRef = 3E540E1A24DC4072002B3E78 /* MetadataReader.swift */; };
		3E540E1D24DC4072002B3E78 /* TrackInfo.swift in Sources */ = {isa = PBXBuildFile; fileRef = 3E540E1B24DC4072002B3E78 /* TrackInfo.swift */; };
		3E540E2F24DC408F002B3E78 /* Errors.swift in Sources */ = {isa = PBXBuildFile; fileRef = 3E540E1F24DC408F002B3E78 /* Errors.swift */; };
		3E540E3024DC408F002B3E78 /* Chapter.swift in Sources */ = {isa = PBXBuildFile; fileRef = 3E540E2024DC408F002B3E78 /* Chapter.swift */; };
		3E540E3124DC408F002B3E78 /* StreamProtocol.swift in Sources */ = {isa = PBXBuildFile; fileRef = 3E540E2124DC408F002B3E78 /* StreamProtocol.swift */; };
		3E540E3224DC408F002B3E78 /* Packet.swift in Sources */ = {isa = PBXBuildFile; fileRef = 3E540E2224DC408F002B3E78 /* Packet.swift */; };
		3E540E3324DC408F002B3E78 /* MetadataDictionary.swift in Sources */ = {isa = PBXBuildFile; fileRef = 3E540E2324DC408F002B3E78 /* MetadataDictionary.swift */; };
		3E540E3424DC408F002B3E78 /* ImageStream.swift in Sources */ = {isa = PBXBuildFile; fileRef = 3E540E2424DC408F002B3E78 /* ImageStream.swift */; };
		3E540E3524DC408F002B3E78 /* ResamplingContext.swift in Sources */ = {isa = PBXBuildFile; fileRef = 3E540E2524DC408F002B3E78 /* ResamplingContext.swift */; };
		3E540E3624DC408F002B3E78 /* AudioStream.swift in Sources */ = {isa = PBXBuildFile; fileRef = 3E540E2624DC408F002B3E78 /* AudioStream.swift */; };
		3E540E3724DC408F002B3E78 /* AudioFileContext.swift in Sources */ = {isa = PBXBuildFile; fileRef = 3E540E2724DC408F002B3E78 /* AudioFileContext.swift */; };
		3E540E3824DC408F002B3E78 /* PacketTable.swift in Sources */ = {isa = PBXBuildFile; fileRef = 3E540E2824DC408F002B3E78 /* PacketTable.swift */; };
		3E540E3924DC408F002B3E78 /* SampleFormat.swift in Sources */ = {isa = PBXBuildFile; fileRef = 3E540E2924DC408F002B3E78 /* SampleFormat.swift */; };
		3E540E3B24DC408F002B3E78 /* AudioCodec.swift in Sources */ = {isa = PBXBuildFile; fileRef = 3E540E2B24DC408F002B3E78 /* AudioCodec.swift */; };
		3E540E3C24DC408F002B3E78 /* Codec.swift in Sources */ = {isa = PBXBuildFile; fileRef = 3E540E2C24DC408F002B3E78 /* Codec.swift */; };
		3E540E3D24DC408F002B3E78 /* FormatContext.swift in Sources */ = {isa = PBXBuildFile; fileRef = 3E540E2D24DC408F002B3E78 /* FormatContext.swift */; };
		3E540E3E24DC408F002B3E78 /* Frame.swift in Sources */ = {isa = PBXBuildFile; fileRef = 3E540E2E24DC408F002B3E78 /* Frame.swift */; };
		3E540E4724DC40A8002B3E78 /* ConcurrentArray.swift in Sources */ = {isa = PBXBuildFile; fileRef = 3E540E4024DC40A8002B3E78 /* ConcurrentArray.swift */; };
		3E540E4824DC40A8002B3E78 /* Mapper.swift in Sources */ = {isa = PBXBuildFile; fileRef = 3E540E4124DC40A8002B3E78 /* Mapper.swift */; };
		3E540E4924DC40A8002B3E78 /* AtomicCounter.swift in Sources */ = {isa = PBXBuildFile; fileRef = 3E540E4224DC40A8002B3E78 /* AtomicCounter.swift */; };
		3E540E4A24DC40A8002B3E78 /* Queue.swift in Sources */ = {isa = PBXBuildFile; fileRef = 3E540E4324DC40A8002B3E78 /* Queue.swift */; };
		3E540E4B24DC40A8002B3E78 /* BufferFileWriter.swift in Sources */ = {isa = PBXBuildFile; fileRef = 3E540E4424DC40A8002B3E78 /* BufferFileWriter.swift */; };
		3E540E4C24DC40A8002B3E78 /* UtilsExtensions.swift in Sources */ = {isa = PBXBuildFile; fileRef = 3E540E4524DC40A8002B3E78 /* UtilsExtensions.swift */; };
		3E540E4D24DC40A8002B3E78 /* NumericStringFormatter.swift in Sources */ = {isa = PBXBuildFile; fileRef = 3E540E4624DC40A8002B3E78 /* NumericStringFormatter.swift */; };
		3E540E4F24DC40C5002B3E78 /* Constants.swift in Sources */ = {isa = PBXBuildFile; fileRef = 3E540E4E24DC40C5002B3E78 /* Constants.swift */; };
		3E540E6624DC4157002B3E78 /* ffmpeg.c in Sources */ = {isa = PBXBuildFile; fileRef = 3E540E6424DC4157002B3E78 /* ffmpeg.c */; };
/* End PBXBuildFile section */

/* Begin PBXCopyFilesBuildPhase section */
		3E2A84C024DD0C740031BFDC /* Embed Libraries */ = {
			isa = PBXCopyFilesBuildPhase;
			buildActionMask = 2147483647;
			dstPath = "";
			dstSubfolderSpec = 10;
			files = (
				3E2A84D524DD0E9B0031BFDC /* libavformat.58.dylib in Embed Libraries */,
				3E2A84D424DD0E990031BFDC /* libavcodec.58.dylib in Embed Libraries */,
				3E2A84D724DD0E9D0031BFDC /* libswresample.3.dylib in Embed Libraries */,
				3E2A84D624DD0E9C0031BFDC /* libavutil.56.dylib in Embed Libraries */,
			);
			name = "Embed Libraries";
			runOnlyForDeploymentPostprocessing = 0;
		};
/* End PBXCopyFilesBuildPhase section */

/* Begin PBXFileReference section */
		3E2A84CC24DD0E960031BFDC /* libavcodec.58.dylib */ = {isa = PBXFileReference; lastKnownFileType = "compiled.mach-o.dylib"; path = libavcodec.58.dylib; sourceTree = "<group>"; };
		3E2A84CD24DD0E960031BFDC /* libavutil.56.dylib */ = {isa = PBXFileReference; lastKnownFileType = "compiled.mach-o.dylib"; path = libavutil.56.dylib; sourceTree = "<group>"; };
		3E2A84CE24DD0E960031BFDC /* libavformat.58.dylib */ = {isa = PBXFileReference; lastKnownFileType = "compiled.mach-o.dylib"; path = libavformat.58.dylib; sourceTree = "<group>"; };
		3E2A84CF24DD0E960031BFDC /* libswresample.3.dylib */ = {isa = PBXFileReference; lastKnownFileType = "compiled.mach-o.dylib"; path = libswresample.3.dylib; sourceTree = "<group>"; };
		3E2A84D924DD13290031BFDC /* README.txt */ = {isa = PBXFileReference; fileEncoding = 4; lastKnownFileType = text; path = README.txt; sourceTree = "<group>"; };
		3E2A84DA24DD13290031BFDC /* build-ffmpeg.sh */ = {isa = PBXFileReference; fileEncoding = 4; lastKnownFileType = text.script.sh; path = "build-ffmpeg.sh"; sourceTree = "<group>"; };
		3E2A84DF24DD253B0031BFDC /* OpenDialogButtonCell.swift */ = {isa = PBXFileReference; lastKnownFileType = sourcecode.swift; path = OpenDialogButtonCell.swift; sourceTree = "<group>"; };
		3E3D249624E26C0200975403 /* PacketFrames.swift */ = {isa = PBXFileReference; lastKnownFileType = sourcecode.swift; path = PacketFrames.swift; sourceTree = "<group>"; };
		3E540DDC24DC3F28002B3E78 /* FFmpegPlayer.app */ = {isa = PBXFileReference; explicitFileType = wrapper.application; includeInIndex = 0; path = FFmpegPlayer.app; sourceTree = BUILT_PRODUCTS_DIR; };
		3E540DDF24DC3F28002B3E78 /* AppDelegate.swift */ = {isa = PBXFileReference; lastKnownFileType = sourcecode.swift; path = AppDelegate.swift; sourceTree = "<group>"; };
		3E540DE124DC3F29002B3E78 /* Assets.xcassets */ = {isa = PBXFileReference; lastKnownFileType = folder.assetcatalog; path = Assets.xcassets; sourceTree = "<group>"; };
		3E540DE424DC3F29002B3E78 /* Base */ = {isa = PBXFileReference; lastKnownFileType = file.xib; name = Base; path = Base.lproj/MainMenu.xib; sourceTree = "<group>"; };
		3E540DE624DC3F29002B3E78 /* Info.plist */ = {isa = PBXFileReference; lastKnownFileType = text.plist.xml; path = Info.plist; sourceTree = "<group>"; };
		3E540DE724DC3F29002B3E78 /* FFmpegPlayer.entitlements */ = {isa = PBXFileReference; lastKnownFileType = text.plist.entitlements; path = FFmpegPlayer.entitlements; sourceTree = "<group>"; };
		3E540DF524DC3FC5002B3E78 /* SliderCells.swift */ = {isa = PBXFileReference; fileEncoding = 4; lastKnownFileType = sourcecode.swift; path = SliderCells.swift; sourceTree = "<group>"; };
		3E540DF624DC3FC5002B3E78 /* PlayerViewController.swift */ = {isa = PBXFileReference; fileEncoding = 4; lastKnownFileType = sourcecode.swift; path = PlayerViewController.swift; sourceTree = "<group>"; };
		3E540DF724DC3FC5002B3E78 /* UIExtensions.swift */ = {isa = PBXFileReference; fileEncoding = 4; lastKnownFileType = sourcecode.swift; path = UIExtensions.swift; sourceTree = "<group>"; };
		3E540DFC24DC400E002B3E78 /* Muxer.swift */ = {isa = PBXFileReference; fileEncoding = 4; lastKnownFileType = sourcecode.swift; name = Muxer.swift; path = ../Muxer.swift; sourceTree = "<group>"; };
		3E540DFD24DC400E002B3E78 /* Player.swift */ = {isa = PBXFileReference; fileEncoding = 4; lastKnownFileType = sourcecode.swift; path = Player.swift; sourceTree = "<group>"; };
		3E540DFE24DC400E002B3E78 /* PlayerScheduling.swift */ = {isa = PBXFileReference; fileEncoding = 4; lastKnownFileType = sourcecode.swift; path = PlayerScheduling.swift; sourceTree = "<group>"; };
		3E540DFF24DC400E002B3E78 /* AudioEngine.swift */ = {isa = PBXFileReference; fileEncoding = 4; lastKnownFileType = sourcecode.swift; path = AudioEngine.swift; sourceTree = "<group>"; };
		3E540E0F24DC4044002B3E78 /* FrameBuffer.swift */ = {isa = PBXFileReference; fileEncoding = 4; lastKnownFileType = sourcecode.swift; path = FrameBuffer.swift; sourceTree = "<group>"; };
		3E540E1024DC4044002B3E78 /* Decoder.swift */ = {isa = PBXFileReference; fileEncoding = 4; lastKnownFileType = sourcecode.swift; path = Decoder.swift; sourceTree = "<group>"; };
		3E540E1124DC4044002B3E78 /* Resampler.swift */ = {isa = PBXFileReference; fileEncoding = 4; lastKnownFileType = sourcecode.swift; path = Resampler.swift; sourceTree = "<group>"; };
		3E540E1324DC4044002B3E78 /* ChannelLayouts.swift */ = {isa = PBXFileReference; fileEncoding = 4; lastKnownFileType = sourcecode.swift; path = ChannelLayouts.swift; sourceTree = "<group>"; };
		3E540E1A24DC4072002B3E78 /* MetadataReader.swift */ = {isa = PBXFileReference; fileEncoding = 4; lastKnownFileType = sourcecode.swift; path = MetadataReader.swift; sourceTree = "<group>"; };
		3E540E1B24DC4072002B3E78 /* TrackInfo.swift */ = {isa = PBXFileReference; fileEncoding = 4; lastKnownFileType = sourcecode.swift; path = TrackInfo.swift; sourceTree = "<group>"; };
		3E540E1F24DC408F002B3E78 /* Errors.swift */ = {isa = PBXFileReference; fileEncoding = 4; lastKnownFileType = sourcecode.swift; path = Errors.swift; sourceTree = "<group>"; };
		3E540E2024DC408F002B3E78 /* Chapter.swift */ = {isa = PBXFileReference; fileEncoding = 4; lastKnownFileType = sourcecode.swift; path = Chapter.swift; sourceTree = "<group>"; };
		3E540E2124DC408F002B3E78 /* StreamProtocol.swift */ = {isa = PBXFileReference; fileEncoding = 4; lastKnownFileType = sourcecode.swift; path = StreamProtocol.swift; sourceTree = "<group>"; };
		3E540E2224DC408F002B3E78 /* Packet.swift */ = {isa = PBXFileReference; fileEncoding = 4; lastKnownFileType = sourcecode.swift; path = Packet.swift; sourceTree = "<group>"; };
		3E540E2324DC408F002B3E78 /* MetadataDictionary.swift */ = {isa = PBXFileReference; fileEncoding = 4; lastKnownFileType = sourcecode.swift; path = MetadataDictionary.swift; sourceTree = "<group>"; };
		3E540E2424DC408F002B3E78 /* ImageStream.swift */ = {isa = PBXFileReference; fileEncoding = 4; lastKnownFileType = sourcecode.swift; path = ImageStream.swift; sourceTree = "<group>"; };
		3E540E2524DC408F002B3E78 /* ResamplingContext.swift */ = {isa = PBXFileReference; fileEncoding = 4; lastKnownFileType = sourcecode.swift; path = ResamplingContext.swift; sourceTree = "<group>"; };
		3E540E2624DC408F002B3E78 /* AudioStream.swift */ = {isa = PBXFileReference; fileEncoding = 4; lastKnownFileType = sourcecode.swift; path = AudioStream.swift; sourceTree = "<group>"; };
		3E540E2724DC408F002B3E78 /* AudioFileContext.swift */ = {isa = PBXFileReference; fileEncoding = 4; lastKnownFileType = sourcecode.swift; path = AudioFileContext.swift; sourceTree = "<group>"; };
		3E540E2824DC408F002B3E78 /* PacketTable.swift */ = {isa = PBXFileReference; fileEncoding = 4; lastKnownFileType = sourcecode.swift; path = PacketTable.swift; sourceTree = "<group>"; };
		3E540E2924DC408F002B3E78 /* SampleFormat.swift */ = {isa = PBXFileReference; fileEncoding = 4; lastKnownFileType = sourcecode.swift; path = SampleFormat.swift; sourceTree = "<group>"; };
		3E540E2B24DC408F002B3E78 /* AudioCodec.swift */ = {isa = PBXFileReference; fileEncoding = 4; lastKnownFileType = sourcecode.swift; path = AudioCodec.swift; sourceTree = "<group>"; };
		3E540E2C24DC408F002B3E78 /* Codec.swift */ = {isa = PBXFileReference; fileEncoding = 4; lastKnownFileType = sourcecode.swift; path = Codec.swift; sourceTree = "<group>"; };
		3E540E2D24DC408F002B3E78 /* FormatContext.swift */ = {isa = PBXFileReference; fileEncoding = 4; lastKnownFileType = sourcecode.swift; path = FormatContext.swift; sourceTree = "<group>"; };
		3E540E2E24DC408F002B3E78 /* Frame.swift */ = {isa = PBXFileReference; fileEncoding = 4; lastKnownFileType = sourcecode.swift; path = Frame.swift; sourceTree = "<group>"; };
		3E540E4024DC40A8002B3E78 /* ConcurrentArray.swift */ = {isa = PBXFileReference; fileEncoding = 4; lastKnownFileType = sourcecode.swift; path = ConcurrentArray.swift; sourceTree = "<group>"; };
		3E540E4124DC40A8002B3E78 /* Mapper.swift */ = {isa = PBXFileReference; fileEncoding = 4; lastKnownFileType = sourcecode.swift; path = Mapper.swift; sourceTree = "<group>"; };
		3E540E4224DC40A8002B3E78 /* AtomicCounter.swift */ = {isa = PBXFileReference; fileEncoding = 4; lastKnownFileType = sourcecode.swift; path = AtomicCounter.swift; sourceTree = "<group>"; };
		3E540E4324DC40A8002B3E78 /* Queue.swift */ = {isa = PBXFileReference; fileEncoding = 4; lastKnownFileType = sourcecode.swift; path = Queue.swift; sourceTree = "<group>"; };
		3E540E4424DC40A8002B3E78 /* BufferFileWriter.swift */ = {isa = PBXFileReference; fileEncoding = 4; lastKnownFileType = sourcecode.swift; path = BufferFileWriter.swift; sourceTree = "<group>"; };
		3E540E4524DC40A8002B3E78 /* UtilsExtensions.swift */ = {isa = PBXFileReference; fileEncoding = 4; lastKnownFileType = sourcecode.swift; path = UtilsExtensions.swift; sourceTree = "<group>"; };
		3E540E4624DC40A8002B3E78 /* NumericStringFormatter.swift */ = {isa = PBXFileReference; fileEncoding = 4; lastKnownFileType = sourcecode.swift; path = NumericStringFormatter.swift; sourceTree = "<group>"; };
		3E540E4E24DC40C5002B3E78 /* Constants.swift */ = {isa = PBXFileReference; fileEncoding = 4; lastKnownFileType = sourcecode.swift; path = Constants.swift; sourceTree = "<group>"; };
		3E540E5324DC410B002B3E78 /* libavformat */ = {isa = PBXFileReference; lastKnownFileType = folder; path = libavformat; sourceTree = "<group>"; };
		3E540E5424DC410B002B3E78 /* libavcodec */ = {isa = PBXFileReference; lastKnownFileType = folder; path = libavcodec; sourceTree = "<group>"; };
		3E540E5524DC410B002B3E78 /* libswresample */ = {isa = PBXFileReference; lastKnownFileType = folder; path = libswresample; sourceTree = "<group>"; };
		3E540E5724DC410B002B3E78 /* libavutil */ = {isa = PBXFileReference; lastKnownFileType = folder; path = libavutil; sourceTree = "<group>"; };
		3E540E6324DC4156002B3E78 /* FFmpegPlayer-Bridging-Header.h */ = {isa = PBXFileReference; lastKnownFileType = sourcecode.c.h; path = "FFmpegPlayer-Bridging-Header.h"; sourceTree = "<group>"; };
		3E540E6424DC4157002B3E78 /* ffmpeg.c */ = {isa = PBXFileReference; fileEncoding = 4; lastKnownFileType = sourcecode.c.c; path = ffmpeg.c; sourceTree = "<group>"; };
		3E540E6524DC4157002B3E78 /* ffmpeg.h */ = {isa = PBXFileReference; fileEncoding = 4; lastKnownFileType = sourcecode.c.h; path = ffmpeg.h; sourceTree = "<group>"; };
/* End PBXFileReference section */

/* Begin PBXFrameworksBuildPhase section */
		3E540DD924DC3F28002B3E78 /* Frameworks */ = {
			isa = PBXFrameworksBuildPhase;
			buildActionMask = 2147483647;
			files = (
				3E2A84D224DD0E960031BFDC /* libavformat.58.dylib in Frameworks */,
				3E2A84D024DD0E960031BFDC /* libavcodec.58.dylib in Frameworks */,
				3E2A84D324DD0E960031BFDC /* libswresample.3.dylib in Frameworks */,
				3E2A84D124DD0E960031BFDC /* libavutil.56.dylib in Frameworks */,
			);
			runOnlyForDeploymentPostprocessing = 0;
		};
/* End PBXFrameworksBuildPhase section */

/* Begin PBXGroup section */
		3E2A84D824DD12E60031BFDC /* ffmpeg */ = {
			isa = PBXGroup;
			children = (
				3E2A84DA24DD13290031BFDC /* build-ffmpeg.sh */,
				3E2A84D924DD13290031BFDC /* README.txt */,
			);
			path = ffmpeg;
			sourceTree = "<group>";
		};
		3E540DD324DC3F28002B3E78 = {
			isa = PBXGroup;
			children = (
				3E540DDE24DC3F28002B3E78 /* Sources */,
				3E540DDD24DC3F28002B3E78 /* Products */,
				3E540DED24DC3F3F002B3E78 /* Resources */,
				3E6402F724DC5F81004736D9 /* Frameworks */,
				3E540DE724DC3F29002B3E78 /* FFmpegPlayer.entitlements */,
				3E540DE624DC3F29002B3E78 /* Info.plist */,
			);
			sourceTree = "<group>";
		};
		3E540DDD24DC3F28002B3E78 /* Products */ = {
			isa = PBXGroup;
			children = (
				3E540DDC24DC3F28002B3E78 /* FFmpegPlayer.app */,
			);
			name = Products;
			sourceTree = "<group>";
		};
		3E540DDE24DC3F28002B3E78 /* Sources */ = {
			isa = PBXGroup;
			children = (
				3E540DDF24DC3F28002B3E78 /* AppDelegate.swift */,
				3E540E4E24DC40C5002B3E78 /* Constants.swift */,
				3E540DEE24DC3F8C002B3E78 /* UI */,
				3E540DFB24DC3FE7002B3E78 /* Player */,
				3E540E1924DC405A002B3E78 /* Metadata */,
				3E540E1E24DC4077002B3E78 /* FFmpegWrappers */,
				3E540E3F24DC4093002B3E78 /* Utils */,
				3E540E5024DC40F1002B3E78 /* ffmpeg */,
				3E540E6424DC4157002B3E78 /* ffmpeg.c */,
				3E540E6524DC4157002B3E78 /* ffmpeg.h */,
				3E540E6324DC4156002B3E78 /* FFmpegPlayer-Bridging-Header.h */,
			);
			path = Sources;
			sourceTree = "<group>";
		};
		3E540DED24DC3F3F002B3E78 /* Resources */ = {
			isa = PBXGroup;
			children = (
				3E2A84D824DD12E60031BFDC /* ffmpeg */,
				3E540DE124DC3F29002B3E78 /* Assets.xcassets */,
			);
			path = Resources;
			sourceTree = "<group>";
		};
		3E540DEE24DC3F8C002B3E78 /* UI */ = {
			isa = PBXGroup;
			children = (
				3E540DE324DC3F29002B3E78 /* MainMenu.xib */,
				3E540DF624DC3FC5002B3E78 /* PlayerViewController.swift */,
				3E540DF524DC3FC5002B3E78 /* SliderCells.swift */,
				3E2A84DF24DD253B0031BFDC /* OpenDialogButtonCell.swift */,
				3E540DF724DC3FC5002B3E78 /* UIExtensions.swift */,
			);
			path = UI;
			sourceTree = "<group>";
		};
		3E540DFB24DC3FE7002B3E78 /* Player */ = {
			isa = PBXGroup;
			children = (
				3E540E0424DC4011002B3E78 /* Utils */,
				3E540DFD24DC400E002B3E78 /* Player.swift */,
				3E540DFE24DC400E002B3E78 /* PlayerScheduling.swift */,
				3E540DFF24DC400E002B3E78 /* AudioEngine.swift */,
			);
			path = Player;
			sourceTree = "<group>";
		};
		3E540E0424DC4011002B3E78 /* Utils */ = {
			isa = PBXGroup;
			children = (
				3E540E1024DC4044002B3E78 /* Decoder.swift */,
				3E540E0F24DC4044002B3E78 /* FrameBuffer.swift */,
				3E540E1124DC4044002B3E78 /* Resampler.swift */,
				3E540E1324DC4044002B3E78 /* ChannelLayouts.swift */,
				3E540DFC24DC400E002B3E78 /* Muxer.swift */,
			);
			path = Utils;
			sourceTree = "<group>";
		};
		3E540E1924DC405A002B3E78 /* Metadata */ = {
			isa = PBXGroup;
			children = (
				3E540E1A24DC4072002B3E78 /* MetadataReader.swift */,
				3E540E1B24DC4072002B3E78 /* TrackInfo.swift */,
			);
			path = Metadata;
			sourceTree = "<group>";
		};
		3E540E1E24DC4077002B3E78 /* FFmpegWrappers */ = {
			isa = PBXGroup;
			children = (
				3E540E2724DC408F002B3E78 /* AudioFileContext.swift */,
				3E540E2D24DC408F002B3E78 /* FormatContext.swift */,
				3E540E2124DC408F002B3E78 /* StreamProtocol.swift */,
				3E540E2624DC408F002B3E78 /* AudioStream.swift */,
				3E540E2424DC408F002B3E78 /* ImageStream.swift */,
				3E540E2C24DC408F002B3E78 /* Codec.swift */,
				3E540E2B24DC408F002B3E78 /* AudioCodec.swift */,
				3E540E2224DC408F002B3E78 /* Packet.swift */,
				3E540E2E24DC408F002B3E78 /* Frame.swift */,
				3E3D249624E26C0200975403 /* PacketFrames.swift */,
				3E540E2924DC408F002B3E78 /* SampleFormat.swift */,
				3E540E2524DC408F002B3E78 /* ResamplingContext.swift */,
				3E540E2324DC408F002B3E78 /* MetadataDictionary.swift */,
				3E540E2024DC408F002B3E78 /* Chapter.swift */,
				3E540E2824DC408F002B3E78 /* PacketTable.swift */,
				3E540E1F24DC408F002B3E78 /* Errors.swift */,
			);
			path = FFmpegWrappers;
			sourceTree = "<group>";
		};
		3E540E3F24DC4093002B3E78 /* Utils */ = {
			isa = PBXGroup;
			children = (
				3E540E4224DC40A8002B3E78 /* AtomicCounter.swift */,
				3E540E4624DC40A8002B3E78 /* NumericStringFormatter.swift */,
				3E540E4424DC40A8002B3E78 /* BufferFileWriter.swift */,
				3E540E4024DC40A8002B3E78 /* ConcurrentArray.swift */,
				3E540E4124DC40A8002B3E78 /* Mapper.swift */,
				3E540E4324DC40A8002B3E78 /* Queue.swift */,
				3E540E4524DC40A8002B3E78 /* UtilsExtensions.swift */,
			);
			path = Utils;
			sourceTree = "<group>";
		};
		3E540E5024DC40F1002B3E78 /* ffmpeg */ = {
			isa = PBXGroup;
			children = (
				3E540E5424DC410B002B3E78 /* libavcodec */,
				3E540E5324DC410B002B3E78 /* libavformat */,
				3E540E5724DC410B002B3E78 /* libavutil */,
				3E540E5524DC410B002B3E78 /* libswresample */,
			);
			path = ffmpeg;
			sourceTree = "<group>";
		};
		3E6402F724DC5F81004736D9 /* Frameworks */ = {
			isa = PBXGroup;
			children = (
				3E2A84CC24DD0E960031BFDC /* libavcodec.58.dylib */,
				3E2A84CE24DD0E960031BFDC /* libavformat.58.dylib */,
				3E2A84CD24DD0E960031BFDC /* libavutil.56.dylib */,
				3E2A84CF24DD0E960031BFDC /* libswresample.3.dylib */,
			);
			path = Frameworks;
			sourceTree = "<group>";
		};
/* End PBXGroup section */

/* Begin PBXNativeTarget section */
		3E540DDB24DC3F28002B3E78 /* FFmpegPlayer */ = {
			isa = PBXNativeTarget;
			buildConfigurationList = 3E540DEA24DC3F29002B3E78 /* Build configuration list for PBXNativeTarget "FFmpegPlayer" */;
			buildPhases = (
				3E540DD824DC3F28002B3E78 /* Sources */,
				3E540DD924DC3F28002B3E78 /* Frameworks */,
				3E540DDA24DC3F28002B3E78 /* Resources */,
				3E2A84C024DD0C740031BFDC /* Embed Libraries */,
			);
			buildRules = (
			);
			dependencies = (
			);
			name = FFmpegPlayer;
			productName = FFmpegPlayer;
			productReference = 3E540DDC24DC3F28002B3E78 /* FFmpegPlayer.app */;
			productType = "com.apple.product-type.application";
		};
/* End PBXNativeTarget section */

/* Begin PBXProject section */
		3E540DD424DC3F28002B3E78 /* Project object */ = {
			isa = PBXProject;
			attributes = {
				LastSwiftUpdateCheck = 1150;
				LastUpgradeCheck = 1150;
				ORGANIZATIONNAME = Kven;
				TargetAttributes = {
					3E540DDB24DC3F28002B3E78 = {
						CreatedOnToolsVersion = 11.5;
						LastSwiftMigration = 1150;
					};
				};
			};
			buildConfigurationList = 3E540DD724DC3F28002B3E78 /* Build configuration list for PBXProject "FFmpegPlayer" */;
			compatibilityVersion = "Xcode 9.3";
			developmentRegion = en;
			hasScannedForEncodings = 0;
			knownRegions = (
				en,
				Base,
			);
			mainGroup = 3E540DD324DC3F28002B3E78;
			productRefGroup = 3E540DDD24DC3F28002B3E78 /* Products */;
			projectDirPath = "";
			projectRoot = "";
			targets = (
				3E540DDB24DC3F28002B3E78 /* FFmpegPlayer */,
			);
		};
/* End PBXProject section */

/* Begin PBXResourcesBuildPhase section */
		3E540DDA24DC3F28002B3E78 /* Resources */ = {
			isa = PBXResourcesBuildPhase;
			buildActionMask = 2147483647;
			files = (
				3E540DE224DC3F29002B3E78 /* Assets.xcassets in Resources */,
				3E540DE524DC3F29002B3E78 /* MainMenu.xib in Resources */,
			);
			runOnlyForDeploymentPostprocessing = 0;
		};
/* End PBXResourcesBuildPhase section */

/* Begin PBXSourcesBuildPhase section */
		3E540DD824DC3F28002B3E78 /* Sources */ = {
			isa = PBXSourcesBuildPhase;
			buildActionMask = 2147483647;
			files = (
				3E540E4B24DC40A8002B3E78 /* BufferFileWriter.swift in Sources */,
				3E540E4D24DC40A8002B3E78 /* NumericStringFormatter.swift in Sources */,
				3E540E3724DC408F002B3E78 /* AudioFileContext.swift in Sources */,
				3E540E3024DC408F002B3E78 /* Chapter.swift in Sources */,
				3E540E3B24DC408F002B3E78 /* AudioCodec.swift in Sources */,
				3E540E4824DC40A8002B3E78 /* Mapper.swift in Sources */,
				3E540E3424DC408F002B3E78 /* ImageStream.swift in Sources */,
				3E540E3324DC408F002B3E78 /* MetadataDictionary.swift in Sources */,
				3E540E1824DC4044002B3E78 /* ChannelLayouts.swift in Sources */,
				3E540E3924DC408F002B3E78 /* SampleFormat.swift in Sources */,
				3E540E3524DC408F002B3E78 /* ResamplingContext.swift in Sources */,
				3E540E3124DC408F002B3E78 /* StreamProtocol.swift in Sources */,
				3E2A84E024DD253B0031BFDC /* OpenDialogButtonCell.swift in Sources */,
				3E540E3624DC408F002B3E78 /* AudioStream.swift in Sources */,
				3E540E3224DC408F002B3E78 /* Packet.swift in Sources */,
				3E540E3D24DC408F002B3E78 /* FormatContext.swift in Sources */,
				3E540E3C24DC408F002B3E78 /* Codec.swift in Sources */,
				3E540E4A24DC40A8002B3E78 /* Queue.swift in Sources */,
				3E540DF824DC3FC5002B3E78 /* SliderCells.swift in Sources */,
				3E540E1424DC4044002B3E78 /* FrameBuffer.swift in Sources */,
				3E540E4F24DC40C5002B3E78 /* Constants.swift in Sources */,
				3E540E2F24DC408F002B3E78 /* Errors.swift in Sources */,
				3E540E0224DC400E002B3E78 /* PlayerScheduling.swift in Sources */,
				3E540E4724DC40A8002B3E78 /* ConcurrentArray.swift in Sources */,
				3E540DE024DC3F28002B3E78 /* AppDelegate.swift in Sources */,
				3E540DF924DC3FC5002B3E78 /* PlayerViewController.swift in Sources */,
				3E540E1C24DC4072002B3E78 /* MetadataReader.swift in Sources */,
				3E540E3E24DC408F002B3E78 /* Frame.swift in Sources */,
				3E540E0324DC400E002B3E78 /* AudioEngine.swift in Sources */,
				3E540E6624DC4157002B3E78 /* ffmpeg.c in Sources */,
				3E540E3824DC408F002B3E78 /* PacketTable.swift in Sources */,
				3E3D249724E26C0200975403 /* PacketFrames.swift in Sources */,
				3E540E4C24DC40A8002B3E78 /* UtilsExtensions.swift in Sources */,
				3E540E4924DC40A8002B3E78 /* AtomicCounter.swift in Sources */,
				3E540E0024DC400E002B3E78 /* Muxer.swift in Sources */,
				3E540E0124DC400E002B3E78 /* Player.swift in Sources */,
				3E540E1524DC4044002B3E78 /* Decoder.swift in Sources */,
				3E540DFA24DC3FC5002B3E78 /* UIExtensions.swift in Sources */,
				3E540E1D24DC4072002B3E78 /* TrackInfo.swift in Sources */,
				3E540E1624DC4044002B3E78 /* Resampler.swift in Sources */,
			);
			runOnlyForDeploymentPostprocessing = 0;
		};
/* End PBXSourcesBuildPhase section */

/* Begin PBXVariantGroup section */
		3E540DE324DC3F29002B3E78 /* MainMenu.xib */ = {
			isa = PBXVariantGroup;
			children = (
				3E540DE424DC3F29002B3E78 /* Base */,
			);
			name = MainMenu.xib;
			sourceTree = "<group>";
		};
/* End PBXVariantGroup section */

/* Begin XCBuildConfiguration section */
		3E540DE824DC3F29002B3E78 /* Debug */ = {
			isa = XCBuildConfiguration;
			buildSettings = {
				ALWAYS_SEARCH_USER_PATHS = NO;
				CLANG_ANALYZER_NONNULL = YES;
				CLANG_ANALYZER_NUMBER_OBJECT_CONVERSION = YES_AGGRESSIVE;
				CLANG_CXX_LANGUAGE_STANDARD = "gnu++14";
				CLANG_CXX_LIBRARY = "libc++";
				CLANG_ENABLE_MODULES = YES;
				CLANG_ENABLE_OBJC_ARC = YES;
				CLANG_ENABLE_OBJC_WEAK = YES;
				CLANG_WARN_BLOCK_CAPTURE_AUTORELEASING = YES;
				CLANG_WARN_BOOL_CONVERSION = YES;
				CLANG_WARN_COMMA = YES;
				CLANG_WARN_CONSTANT_CONVERSION = YES;
				CLANG_WARN_DEPRECATED_OBJC_IMPLEMENTATIONS = YES;
				CLANG_WARN_DIRECT_OBJC_ISA_USAGE = YES_ERROR;
				CLANG_WARN_DOCUMENTATION_COMMENTS = YES;
				CLANG_WARN_EMPTY_BODY = YES;
				CLANG_WARN_ENUM_CONVERSION = YES;
				CLANG_WARN_INFINITE_RECURSION = YES;
				CLANG_WARN_INT_CONVERSION = YES;
				CLANG_WARN_NON_LITERAL_NULL_CONVERSION = YES;
				CLANG_WARN_OBJC_IMPLICIT_RETAIN_SELF = YES;
				CLANG_WARN_OBJC_LITERAL_CONVERSION = YES;
				CLANG_WARN_OBJC_ROOT_CLASS = YES_ERROR;
				CLANG_WARN_RANGE_LOOP_ANALYSIS = YES;
				CLANG_WARN_STRICT_PROTOTYPES = YES;
				CLANG_WARN_SUSPICIOUS_MOVE = YES;
				CLANG_WARN_UNGUARDED_AVAILABILITY = YES_AGGRESSIVE;
				CLANG_WARN_UNREACHABLE_CODE = YES;
				CLANG_WARN__DUPLICATE_METHOD_MATCH = YES;
				COPY_PHASE_STRIP = NO;
				DEBUG_INFORMATION_FORMAT = dwarf;
				ENABLE_STRICT_OBJC_MSGSEND = YES;
				ENABLE_TESTABILITY = YES;
				GCC_C_LANGUAGE_STANDARD = gnu11;
				GCC_DYNAMIC_NO_PIC = NO;
				GCC_NO_COMMON_BLOCKS = YES;
				GCC_OPTIMIZATION_LEVEL = 0;
				GCC_PREPROCESSOR_DEFINITIONS = (
					"DEBUG=1",
					"$(inherited)",
				);
				GCC_WARN_64_TO_32_BIT_CONVERSION = YES;
				GCC_WARN_ABOUT_RETURN_TYPE = YES_ERROR;
				GCC_WARN_UNDECLARED_SELECTOR = YES;
				GCC_WARN_UNINITIALIZED_AUTOS = YES_AGGRESSIVE;
				GCC_WARN_UNUSED_FUNCTION = YES;
				GCC_WARN_UNUSED_VARIABLE = YES;
				MACOSX_DEPLOYMENT_TARGET = 10.12;
				MTL_ENABLE_DEBUG_INFO = INCLUDE_SOURCE;
				MTL_FAST_MATH = YES;
				ONLY_ACTIVE_ARCH = YES;
				SDKROOT = macosx;
				SWIFT_ACTIVE_COMPILATION_CONDITIONS = DEBUG;
				SWIFT_OPTIMIZATION_LEVEL = "-Onone";
			};
			name = Debug;
		};
		3E540DE924DC3F29002B3E78 /* Release */ = {
			isa = XCBuildConfiguration;
			buildSettings = {
				ALWAYS_SEARCH_USER_PATHS = NO;
				CLANG_ANALYZER_NONNULL = YES;
				CLANG_ANALYZER_NUMBER_OBJECT_CONVERSION = YES_AGGRESSIVE;
				CLANG_CXX_LANGUAGE_STANDARD = "gnu++14";
				CLANG_CXX_LIBRARY = "libc++";
				CLANG_ENABLE_MODULES = YES;
				CLANG_ENABLE_OBJC_ARC = YES;
				CLANG_ENABLE_OBJC_WEAK = YES;
				CLANG_WARN_BLOCK_CAPTURE_AUTORELEASING = YES;
				CLANG_WARN_BOOL_CONVERSION = YES;
				CLANG_WARN_COMMA = YES;
				CLANG_WARN_CONSTANT_CONVERSION = YES;
				CLANG_WARN_DEPRECATED_OBJC_IMPLEMENTATIONS = YES;
				CLANG_WARN_DIRECT_OBJC_ISA_USAGE = YES_ERROR;
				CLANG_WARN_DOCUMENTATION_COMMENTS = YES;
				CLANG_WARN_EMPTY_BODY = YES;
				CLANG_WARN_ENUM_CONVERSION = YES;
				CLANG_WARN_INFINITE_RECURSION = YES;
				CLANG_WARN_INT_CONVERSION = YES;
				CLANG_WARN_NON_LITERAL_NULL_CONVERSION = YES;
				CLANG_WARN_OBJC_IMPLICIT_RETAIN_SELF = YES;
				CLANG_WARN_OBJC_LITERAL_CONVERSION = YES;
				CLANG_WARN_OBJC_ROOT_CLASS = YES_ERROR;
				CLANG_WARN_RANGE_LOOP_ANALYSIS = YES;
				CLANG_WARN_STRICT_PROTOTYPES = YES;
				CLANG_WARN_SUSPICIOUS_MOVE = YES;
				CLANG_WARN_UNGUARDED_AVAILABILITY = YES_AGGRESSIVE;
				CLANG_WARN_UNREACHABLE_CODE = YES;
				CLANG_WARN__DUPLICATE_METHOD_MATCH = YES;
				COPY_PHASE_STRIP = NO;
				DEBUG_INFORMATION_FORMAT = "dwarf-with-dsym";
				ENABLE_NS_ASSERTIONS = NO;
				ENABLE_STRICT_OBJC_MSGSEND = YES;
				GCC_C_LANGUAGE_STANDARD = gnu11;
				GCC_NO_COMMON_BLOCKS = YES;
				GCC_WARN_64_TO_32_BIT_CONVERSION = YES;
				GCC_WARN_ABOUT_RETURN_TYPE = YES_ERROR;
				GCC_WARN_UNDECLARED_SELECTOR = YES;
				GCC_WARN_UNINITIALIZED_AUTOS = YES_AGGRESSIVE;
				GCC_WARN_UNUSED_FUNCTION = YES;
				GCC_WARN_UNUSED_VARIABLE = YES;
				MACOSX_DEPLOYMENT_TARGET = 10.12;
				MTL_ENABLE_DEBUG_INFO = NO;
				MTL_FAST_MATH = YES;
				SDKROOT = macosx;
				SWIFT_COMPILATION_MODE = wholemodule;
				SWIFT_OPTIMIZATION_LEVEL = "-O";
			};
			name = Release;
		};
		3E540DEB24DC3F29002B3E78 /* Debug */ = {
			isa = XCBuildConfiguration;
			buildSettings = {
				ASSETCATALOG_COMPILER_APPICON_NAME = AppIcon;
				CLANG_ENABLE_MODULES = YES;
				CLANG_WARN_DOCUMENTATION_COMMENTS = NO;
				CODE_SIGN_ENTITLEMENTS = FFmpegPlayer.entitlements;
				CODE_SIGN_STYLE = Automatic;
				COMBINE_HIDPI_IMAGES = YES;
				FRAMEWORK_SEARCH_PATHS = "$(PROJECT_DIR)/Frameworks";
				HEADER_SEARCH_PATHS = (
					"${SOURCE_ROOT}/ffmpeg/**",
					"${SOURCE_ROOT}/**",
				);
				INFOPLIST_FILE = Info.plist;
				LD_RUNPATH_SEARCH_PATHS = (
					"$(inherited)",
					"@executable_path/../Frameworks",
					"@loader_path/../Frameworks",
				);
				LIBRARY_SEARCH_PATHS = "$(PROJECT_DIR)/Frameworks";
				MACOSX_DEPLOYMENT_TARGET = 10.12;
				OTHER_LDFLAGS = "";
				PRODUCT_BUNDLE_IDENTIFIER = org.anon.FFmpegPlayer;
				PRODUCT_NAME = "$(TARGET_NAME)";
				SWIFT_OBJC_BRIDGING_HEADER = "Sources/FFmpegPlayer-Bridging-Header.h";
				SWIFT_OPTIMIZATION_LEVEL = "-Onone";
				SWIFT_VERSION = 5.0;
			};
			name = Debug;
		};
		3E540DEC24DC3F29002B3E78 /* Release */ = {
			isa = XCBuildConfiguration;
			buildSettings = {
				ASSETCATALOG_COMPILER_APPICON_NAME = AppIcon;
				CLANG_ENABLE_MODULES = YES;
				CLANG_WARN_DOCUMENTATION_COMMENTS = NO;
				CODE_SIGN_ENTITLEMENTS = FFmpegPlayer.entitlements;
				CODE_SIGN_STYLE = Automatic;
				COMBINE_HIDPI_IMAGES = YES;
				FRAMEWORK_SEARCH_PATHS = "$(PROJECT_DIR)/Frameworks";
				HEADER_SEARCH_PATHS = (
					"${SOURCE_ROOT}/ffmpeg/**",
					"${SOURCE_ROOT}/**",
				);
				INFOPLIST_FILE = Info.plist;
				LD_RUNPATH_SEARCH_PATHS = (
					"$(inherited)",
					"@executable_path/../Frameworks",
					"@loader_path/../Frameworks",
				);
				LIBRARY_SEARCH_PATHS = "$(PROJECT_DIR)/Frameworks";
				MACOSX_DEPLOYMENT_TARGET = 10.12;
				OTHER_LDFLAGS = "";
				PRODUCT_BUNDLE_IDENTIFIER = org.anon.FFmpegPlayer;
				PRODUCT_NAME = "$(TARGET_NAME)";
				SWIFT_OBJC_BRIDGING_HEADER = "Sources/FFmpegPlayer-Bridging-Header.h";
				SWIFT_VERSION = 5.0;
			};
			name = Release;
		};
/* End XCBuildConfiguration section */

/* Begin XCConfigurationList section */
		3E540DD724DC3F28002B3E78 /* Build configuration list for PBXProject "FFmpegPlayer" */ = {
			isa = XCConfigurationList;
			buildConfigurations = (
				3E540DE824DC3F29002B3E78 /* Debug */,
				3E540DE924DC3F29002B3E78 /* Release */,
			);
			defaultConfigurationIsVisible = 0;
			defaultConfigurationName = Release;
		};
		3E540DEA24DC3F29002B3E78 /* Build configuration list for PBXNativeTarget "FFmpegPlayer" */ = {
			isa = XCConfigurationList;
			buildConfigurations = (
				3E540DEB24DC3F29002B3E78 /* Debug */,
				3E540DEC24DC3F29002B3E78 /* Release */,
			);
			defaultConfigurationIsVisible = 0;
			defaultConfigurationName = Release;
		};
/* End XCConfigurationList section */
	};
	rootObject = 3E540DD424DC3F28002B3E78 /* Project object */;
}
