// !$*UTF8*$!
{
	archiveVersion = 1;
	classes = {
	};
	objectVersion = 50;
	objects = {

/* Begin PBXBuildFile section */
		3E0BECBC24C3342B00FF69D7 /* libavfilter in Resources */ = {isa = PBXBuildFile; fileRef = 3E0BECB424C3342B00FF69D7 /* libavfilter */; };
		3E0BECBD24C3342B00FF69D7 /* libavdevice in Resources */ = {isa = PBXBuildFile; fileRef = 3E0BECB524C3342B00FF69D7 /* libavdevice */; };
		3E0BECBE24C3342B00FF69D7 /* libpostproc in Resources */ = {isa = PBXBuildFile; fileRef = 3E0BECB624C3342B00FF69D7 /* libpostproc */; };
		3E0BECBF24C3342B00FF69D7 /* libavutil in Resources */ = {isa = PBXBuildFile; fileRef = 3E0BECB724C3342B00FF69D7 /* libavutil */; };
		3E0BECC024C3342B00FF69D7 /* libavformat in Resources */ = {isa = PBXBuildFile; fileRef = 3E0BECB824C3342B00FF69D7 /* libavformat */; };
		3E0BECC124C3342B00FF69D7 /* libavresample in Resources */ = {isa = PBXBuildFile; fileRef = 3E0BECB924C3342B00FF69D7 /* libavresample */; };
		3E0BECC224C3342B00FF69D7 /* libswresample in Resources */ = {isa = PBXBuildFile; fileRef = 3E0BECBA24C3342B00FF69D7 /* libswresample */; };
		3E0BECC324C3342B00FF69D7 /* libswscale in Resources */ = {isa = PBXBuildFile; fileRef = 3E0BECBB24C3342B00FF69D7 /* libswscale */; };
		3E0BECC524C3353000FF69D7 /* libavcodec in Resources */ = {isa = PBXBuildFile; fileRef = 3E0BECC424C3353000FF69D7 /* libavcodec */; };
		3E0BECC724C3507500FF69D7 /* Reader.swift in Sources */ = {isa = PBXBuildFile; fileRef = 3E0BECC624C3507500FF69D7 /* Reader.swift */; };
		3E0BECC924C3533800FF69D7 /* Mapper.swift in Sources */ = {isa = PBXBuildFile; fileRef = 3E0BECC824C3533800FF69D7 /* Mapper.swift */; };
		3E0BECCD24C386B700FF69D7 /* AudioEngine.swift in Sources */ = {isa = PBXBuildFile; fileRef = 3E0BECCC24C386B700FF69D7 /* AudioEngine.swift */; };
		3E293BEF24C45885003749F2 /* Player.swift in Sources */ = {isa = PBXBuildFile; fileRef = 3E293BEE24C45885003749F2 /* Player.swift */; };
		3E4DF96024C886CE008988FF /* FileContext.swift in Sources */ = {isa = PBXBuildFile; fileRef = 3E4DF95F24C886CE008988FF /* FileContext.swift */; };
		3E4DF96224C895D4008988FF /* PlayerViewController.swift in Sources */ = {isa = PBXBuildFile; fileRef = 3E4DF96124C895D4008988FF /* PlayerViewController.swift */; };
		3E52510424C23CC30023F696 /* AppDelegate.swift in Sources */ = {isa = PBXBuildFile; fileRef = 3E52510324C23CC30023F696 /* AppDelegate.swift */; };
		3E52510624C23CC30023F696 /* Assets.xcassets in Resources */ = {isa = PBXBuildFile; fileRef = 3E52510524C23CC30023F696 /* Assets.xcassets */; };
		3E52510924C23CC30023F696 /* MainMenu.xib in Resources */ = {isa = PBXBuildFile; fileRef = 3E52510724C23CC30023F696 /* MainMenu.xib */; };
		3E52519924C23FA40023F696 /* ffmpeg.c in Sources */ = {isa = PBXBuildFile; fileRef = 3E52519724C23FA40023F696 /* ffmpeg.c */; };
		3E67F36A24C823330023C2D3 /* Stream.swift in Sources */ = {isa = PBXBuildFile; fileRef = 3E67F36924C823330023C2D3 /* Stream.swift */; };
		3E67F36C24C823530023C2D3 /* Codec.swift in Sources */ = {isa = PBXBuildFile; fileRef = 3E67F36B24C823530023C2D3 /* Codec.swift */; };
		3E67F36E24C8237A0023C2D3 /* Packet.swift in Sources */ = {isa = PBXBuildFile; fileRef = 3E67F36D24C8237A0023C2D3 /* Packet.swift */; };
		3E67F37024C823AA0023C2D3 /* Errors.swift in Sources */ = {isa = PBXBuildFile; fileRef = 3E67F36F24C823AA0023C2D3 /* Errors.swift */; };
		3E7A9DA324C58B2900FBCDF7 /* libavcodec.a in Frameworks */ = {isa = PBXBuildFile; fileRef = 3E7A9D9D24C58AFF00FBCDF7 /* libavcodec.a */; };
		3E7A9DA424C58B2900FBCDF7 /* libavdevice.a in Frameworks */ = {isa = PBXBuildFile; fileRef = 3E7A9D9E24C58AFF00FBCDF7 /* libavdevice.a */; };
		3E7A9DA524C58B2900FBCDF7 /* libavfilter.a in Frameworks */ = {isa = PBXBuildFile; fileRef = 3E7A9D9A24C58AFF00FBCDF7 /* libavfilter.a */; };
		3E7A9DA624C58B2900FBCDF7 /* libavformat.a in Frameworks */ = {isa = PBXBuildFile; fileRef = 3E7A9D9C24C58AFF00FBCDF7 /* libavformat.a */; };
		3E7A9DA724C58B2900FBCDF7 /* libavresample.a in Frameworks */ = {isa = PBXBuildFile; fileRef = 3E7A9DA224C58B0000FBCDF7 /* libavresample.a */; };
		3E7A9DA824C58B2900FBCDF7 /* libavutil.a in Frameworks */ = {isa = PBXBuildFile; fileRef = 3E7A9DA124C58B0000FBCDF7 /* libavutil.a */; };
		3E7A9DA924C58B2900FBCDF7 /* libpostproc.a in Frameworks */ = {isa = PBXBuildFile; fileRef = 3E7A9D9B24C58AFF00FBCDF7 /* libpostproc.a */; };
		3E7A9DAA24C58B2900FBCDF7 /* libswresample.a in Frameworks */ = {isa = PBXBuildFile; fileRef = 3E7A9D9F24C58AFF00FBCDF7 /* libswresample.a */; };
		3E7A9DAB24C58B2900FBCDF7 /* libswscale.a in Frameworks */ = {isa = PBXBuildFile; fileRef = 3E7A9DA024C58B0000FBCDF7 /* libswscale.a */; };
		3E9CD3B124C7A8CB00499954 /* FormatContext.swift in Sources */ = {isa = PBXBuildFile; fileRef = 3E9CD3B024C7A8CB00499954 /* FormatContext.swift */; };
		3EEB5A7024C7884D00F94F63 /* SamplesBuffer.swift in Sources */ = {isa = PBXBuildFile; fileRef = 3EEB5A6F24C7884D00F94F63 /* SamplesBuffer.swift */; };
/* End PBXBuildFile section */

/* Begin PBXFileReference section */
		3E0BECB424C3342B00FF69D7 /* libavfilter */ = {isa = PBXFileReference; lastKnownFileType = folder; path = libavfilter; sourceTree = "<group>"; };
		3E0BECB524C3342B00FF69D7 /* libavdevice */ = {isa = PBXFileReference; lastKnownFileType = folder; path = libavdevice; sourceTree = "<group>"; };
		3E0BECB624C3342B00FF69D7 /* libpostproc */ = {isa = PBXFileReference; lastKnownFileType = folder; path = libpostproc; sourceTree = "<group>"; };
		3E0BECB724C3342B00FF69D7 /* libavutil */ = {isa = PBXFileReference; lastKnownFileType = folder; path = libavutil; sourceTree = "<group>"; };
		3E0BECB824C3342B00FF69D7 /* libavformat */ = {isa = PBXFileReference; lastKnownFileType = folder; path = libavformat; sourceTree = "<group>"; };
		3E0BECB924C3342B00FF69D7 /* libavresample */ = {isa = PBXFileReference; lastKnownFileType = folder; path = libavresample; sourceTree = "<group>"; };
		3E0BECBA24C3342B00FF69D7 /* libswresample */ = {isa = PBXFileReference; lastKnownFileType = folder; path = libswresample; sourceTree = "<group>"; };
		3E0BECBB24C3342B00FF69D7 /* libswscale */ = {isa = PBXFileReference; lastKnownFileType = folder; path = libswscale; sourceTree = "<group>"; };
		3E0BECC424C3353000FF69D7 /* libavcodec */ = {isa = PBXFileReference; lastKnownFileType = folder; path = libavcodec; sourceTree = "<group>"; };
		3E0BECC624C3507500FF69D7 /* Reader.swift */ = {isa = PBXFileReference; lastKnownFileType = sourcecode.swift; path = Reader.swift; sourceTree = "<group>"; };
		3E0BECC824C3533800FF69D7 /* Mapper.swift */ = {isa = PBXFileReference; lastKnownFileType = sourcecode.swift; path = Mapper.swift; sourceTree = "<group>"; };
		3E0BECCC24C386B700FF69D7 /* AudioEngine.swift */ = {isa = PBXFileReference; lastKnownFileType = sourcecode.swift; path = AudioEngine.swift; sourceTree = "<group>"; };
		3E293BEE24C45885003749F2 /* Player.swift */ = {isa = PBXFileReference; lastKnownFileType = sourcecode.swift; path = Player.swift; sourceTree = "<group>"; };
		3E4DF95F24C886CE008988FF /* FileContext.swift */ = {isa = PBXFileReference; lastKnownFileType = sourcecode.swift; path = FileContext.swift; sourceTree = "<group>"; };
		3E4DF96124C895D4008988FF /* PlayerViewController.swift */ = {isa = PBXFileReference; lastKnownFileType = sourcecode.swift; path = PlayerViewController.swift; sourceTree = "<group>"; };
		3E52510024C23CC30023F696 /* CAndSwift.app */ = {isa = PBXFileReference; explicitFileType = wrapper.application; includeInIndex = 0; path = CAndSwift.app; sourceTree = BUILT_PRODUCTS_DIR; };
		3E52510324C23CC30023F696 /* AppDelegate.swift */ = {isa = PBXFileReference; lastKnownFileType = sourcecode.swift; path = AppDelegate.swift; sourceTree = "<group>"; };
		3E52510524C23CC30023F696 /* Assets.xcassets */ = {isa = PBXFileReference; lastKnownFileType = folder.assetcatalog; path = Assets.xcassets; sourceTree = "<group>"; };
		3E52510824C23CC30023F696 /* Base */ = {isa = PBXFileReference; lastKnownFileType = file.xib; name = Base; path = Base.lproj/MainMenu.xib; sourceTree = "<group>"; };
		3E52510A24C23CC30023F696 /* Info.plist */ = {isa = PBXFileReference; lastKnownFileType = text.plist.xml; path = Info.plist; sourceTree = "<group>"; };
		3E52510B24C23CC30023F696 /* CAndSwift.entitlements */ = {isa = PBXFileReference; lastKnownFileType = text.plist.entitlements; path = CAndSwift.entitlements; sourceTree = "<group>"; };
		3E52519624C23FA30023F696 /* CAndSwift-Bridging-Header.h */ = {isa = PBXFileReference; lastKnownFileType = sourcecode.c.h; path = "CAndSwift-Bridging-Header.h"; sourceTree = "<group>"; };
		3E52519724C23FA40023F696 /* ffmpeg.c */ = {isa = PBXFileReference; fileEncoding = 4; lastKnownFileType = sourcecode.c.c; path = ffmpeg.c; sourceTree = "<group>"; };
		3E52519824C23FA40023F696 /* ffmpeg.h */ = {isa = PBXFileReference; fileEncoding = 4; lastKnownFileType = sourcecode.c.h; path = ffmpeg.h; sourceTree = "<group>"; };
		3E5251A424C240FD0023F696 /* module.modulemap */ = {isa = PBXFileReference; lastKnownFileType = "sourcecode.module-map"; path = module.modulemap; sourceTree = "<group>"; };
		3E67F36924C823330023C2D3 /* Stream.swift */ = {isa = PBXFileReference; lastKnownFileType = sourcecode.swift; path = Stream.swift; sourceTree = "<group>"; };
		3E67F36B24C823530023C2D3 /* Codec.swift */ = {isa = PBXFileReference; lastKnownFileType = sourcecode.swift; path = Codec.swift; sourceTree = "<group>"; };
		3E67F36D24C8237A0023C2D3 /* Packet.swift */ = {isa = PBXFileReference; lastKnownFileType = sourcecode.swift; path = Packet.swift; sourceTree = "<group>"; };
		3E67F36F24C823AA0023C2D3 /* Errors.swift */ = {isa = PBXFileReference; lastKnownFileType = sourcecode.swift; path = Errors.swift; sourceTree = "<group>"; };
		3E7A9D9A24C58AFF00FBCDF7 /* libavfilter.a */ = {isa = PBXFileReference; lastKnownFileType = archive.ar; name = libavfilter.a; path = ../../../../../usr/local/Cellar/ffmpeg/4.2.2_3/lib/libavfilter.a; sourceTree = "<group>"; };
		3E7A9D9B24C58AFF00FBCDF7 /* libpostproc.a */ = {isa = PBXFileReference; lastKnownFileType = archive.ar; name = libpostproc.a; path = ../../../../../usr/local/Cellar/ffmpeg/4.2.2_3/lib/libpostproc.a; sourceTree = "<group>"; };
		3E7A9D9C24C58AFF00FBCDF7 /* libavformat.a */ = {isa = PBXFileReference; lastKnownFileType = archive.ar; name = libavformat.a; path = ../../../../../usr/local/Cellar/ffmpeg/4.2.2_3/lib/libavformat.a; sourceTree = "<group>"; };
		3E7A9D9D24C58AFF00FBCDF7 /* libavcodec.a */ = {isa = PBXFileReference; lastKnownFileType = archive.ar; name = libavcodec.a; path = ../../../../../usr/local/Cellar/ffmpeg/4.2.2_3/lib/libavcodec.a; sourceTree = "<group>"; };
		3E7A9D9E24C58AFF00FBCDF7 /* libavdevice.a */ = {isa = PBXFileReference; lastKnownFileType = archive.ar; name = libavdevice.a; path = ../../../../../usr/local/Cellar/ffmpeg/4.2.2_3/lib/libavdevice.a; sourceTree = "<group>"; };
		3E7A9D9F24C58AFF00FBCDF7 /* libswresample.a */ = {isa = PBXFileReference; lastKnownFileType = archive.ar; name = libswresample.a; path = ../../../../../usr/local/Cellar/ffmpeg/4.2.2_3/lib/libswresample.a; sourceTree = "<group>"; };
		3E7A9DA024C58B0000FBCDF7 /* libswscale.a */ = {isa = PBXFileReference; lastKnownFileType = archive.ar; name = libswscale.a; path = ../../../../../usr/local/Cellar/ffmpeg/4.2.2_3/lib/libswscale.a; sourceTree = "<group>"; };
		3E7A9DA124C58B0000FBCDF7 /* libavutil.a */ = {isa = PBXFileReference; lastKnownFileType = archive.ar; name = libavutil.a; path = ../../../../../usr/local/Cellar/ffmpeg/4.2.2_3/lib/libavutil.a; sourceTree = "<group>"; };
		3E7A9DA224C58B0000FBCDF7 /* libavresample.a */ = {isa = PBXFileReference; lastKnownFileType = archive.ar; name = libavresample.a; path = ../../../../../usr/local/Cellar/ffmpeg/4.2.2_3/lib/libavresample.a; sourceTree = "<group>"; };
		3E9CD3B024C7A8CB00499954 /* FormatContext.swift */ = {isa = PBXFileReference; lastKnownFileType = sourcecode.swift; path = FormatContext.swift; sourceTree = "<group>"; };
		3EEB5A6F24C7884D00F94F63 /* SamplesBuffer.swift */ = {isa = PBXFileReference; lastKnownFileType = sourcecode.swift; path = SamplesBuffer.swift; sourceTree = "<group>"; };
/* End PBXFileReference section */

/* Begin PBXFrameworksBuildPhase section */
		3E5250FD24C23CC30023F696 /* Frameworks */ = {
			isa = PBXFrameworksBuildPhase;
			buildActionMask = 2147483647;
			files = (
				3E7A9DAA24C58B2900FBCDF7 /* libswresample.a in Frameworks */,
				3E7A9DA824C58B2900FBCDF7 /* libavutil.a in Frameworks */,
				3E7A9DA924C58B2900FBCDF7 /* libpostproc.a in Frameworks */,
				3E7A9DA524C58B2900FBCDF7 /* libavfilter.a in Frameworks */,
				3E7A9DA424C58B2900FBCDF7 /* libavdevice.a in Frameworks */,
				3E7A9DA324C58B2900FBCDF7 /* libavcodec.a in Frameworks */,
				3E7A9DAB24C58B2900FBCDF7 /* libswscale.a in Frameworks */,
				3E7A9DA624C58B2900FBCDF7 /* libavformat.a in Frameworks */,
				3E7A9DA724C58B2900FBCDF7 /* libavresample.a in Frameworks */,
			);
			runOnlyForDeploymentPostprocessing = 0;
		};
/* End PBXFrameworksBuildPhase section */

/* Begin PBXGroup section */
		3E5250F724C23CC30023F696 = {
			isa = PBXGroup;
			children = (
				3E52510224C23CC30023F696 /* CAndSwift */,
				3E52510124C23CC30023F696 /* Products */,
				3E52519A24C23FD10023F696 /* Frameworks */,
			);
			sourceTree = "<group>";
		};
		3E52510124C23CC30023F696 /* Products */ = {
			isa = PBXGroup;
			children = (
				3E52510024C23CC30023F696 /* CAndSwift.app */,
			);
			name = Products;
			sourceTree = "<group>";
		};
		3E52510224C23CC30023F696 /* CAndSwift */ = {
			isa = PBXGroup;
			children = (
				3E5251A424C240FD0023F696 /* module.modulemap */,
				3E52510324C23CC30023F696 /* AppDelegate.swift */,
				3E52510724C23CC30023F696 /* MainMenu.xib */,
				3E4DF96124C895D4008988FF /* PlayerViewController.swift */,
				3E293BEE24C45885003749F2 /* Player.swift */,
				3E0BECC624C3507500FF69D7 /* Reader.swift */,
				3E64411524C79FEB0089859E /* FFmpeg */,
				3E0BECCC24C386B700FF69D7 /* AudioEngine.swift */,
				3EEB5A6F24C7884D00F94F63 /* SamplesBuffer.swift */,
				3E0BECC824C3533800FF69D7 /* Mapper.swift */,
				3E0BECC424C3353000FF69D7 /* libavcodec */,
				3E0BECB524C3342B00FF69D7 /* libavdevice */,
				3E0BECB424C3342B00FF69D7 /* libavfilter */,
				3E0BECB824C3342B00FF69D7 /* libavformat */,
				3E0BECB924C3342B00FF69D7 /* libavresample */,
				3E0BECB724C3342B00FF69D7 /* libavutil */,
				3E0BECB624C3342B00FF69D7 /* libpostproc */,
				3E0BECBA24C3342B00FF69D7 /* libswresample */,
				3E0BECBB24C3342B00FF69D7 /* libswscale */,
				3E52510A24C23CC30023F696 /* Info.plist */,
				3E52519724C23FA40023F696 /* ffmpeg.c */,
				3E52519824C23FA40023F696 /* ffmpeg.h */,
				3E52510B24C23CC30023F696 /* CAndSwift.entitlements */,
				3E52519624C23FA30023F696 /* CAndSwift-Bridging-Header.h */,
				3E52510524C23CC30023F696 /* Assets.xcassets */,
			);
			path = CAndSwift;
			sourceTree = "<group>";
		};
		3E52519A24C23FD10023F696 /* Frameworks */ = {
			isa = PBXGroup;
			children = (
				3E7A9D9D24C58AFF00FBCDF7 /* libavcodec.a */,
				3E7A9D9E24C58AFF00FBCDF7 /* libavdevice.a */,
				3E7A9D9A24C58AFF00FBCDF7 /* libavfilter.a */,
				3E7A9D9C24C58AFF00FBCDF7 /* libavformat.a */,
				3E7A9DA224C58B0000FBCDF7 /* libavresample.a */,
				3E7A9DA124C58B0000FBCDF7 /* libavutil.a */,
				3E7A9D9B24C58AFF00FBCDF7 /* libpostproc.a */,
				3E7A9D9F24C58AFF00FBCDF7 /* libswresample.a */,
				3E7A9DA024C58B0000FBCDF7 /* libswscale.a */,
			);
			name = Frameworks;
			sourceTree = "<group>";
		};
		3E64411524C79FEB0089859E /* FFmpeg */ = {
			isa = PBXGroup;
			children = (
				3E4DF95F24C886CE008988FF /* FileContext.swift */,
				3E9CD3B024C7A8CB00499954 /* FormatContext.swift */,
				3E67F36924C823330023C2D3 /* Stream.swift */,
				3E67F36B24C823530023C2D3 /* Codec.swift */,
				3E67F36D24C8237A0023C2D3 /* Packet.swift */,
				3E67F36F24C823AA0023C2D3 /* Errors.swift */,
			);
			path = FFmpeg;
			sourceTree = "<group>";
		};
/* End PBXGroup section */

/* Begin PBXNativeTarget section */
		3E5250FF24C23CC30023F696 /* CAndSwift */ = {
			isa = PBXNativeTarget;
			buildConfigurationList = 3E52510E24C23CC30023F696 /* Build configuration list for PBXNativeTarget "CAndSwift" */;
			buildPhases = (
				3E5250FC24C23CC30023F696 /* Sources */,
				3E5250FD24C23CC30023F696 /* Frameworks */,
				3E5250FE24C23CC30023F696 /* Resources */,
			);
			buildRules = (
			);
			dependencies = (
			);
			name = CAndSwift;
			packageProductDependencies = (
			);
			productName = CAndSwift;
			productReference = 3E52510024C23CC30023F696 /* CAndSwift.app */;
			productType = "com.apple.product-type.application";
		};
/* End PBXNativeTarget section */

/* Begin PBXProject section */
		3E5250F824C23CC30023F696 /* Project object */ = {
			isa = PBXProject;
			attributes = {
				LastSwiftUpdateCheck = 1150;
				LastUpgradeCheck = 1150;
				ORGANIZATIONNAME = Kven;
				TargetAttributes = {
					3E5250FF24C23CC30023F696 = {
						CreatedOnToolsVersion = 11.5;
						LastSwiftMigration = 1150;
					};
				};
			};
			buildConfigurationList = 3E5250FB24C23CC30023F696 /* Build configuration list for PBXProject "CAndSwift" */;
			compatibilityVersion = "Xcode 9.3";
			developmentRegion = en;
			hasScannedForEncodings = 0;
			knownRegions = (
				en,
				Base,
			);
			mainGroup = 3E5250F724C23CC30023F696;
			packageReferences = (
			);
			productRefGroup = 3E52510124C23CC30023F696 /* Products */;
			projectDirPath = "";
			projectRoot = "";
			targets = (
				3E5250FF24C23CC30023F696 /* CAndSwift */,
			);
		};
/* End PBXProject section */

/* Begin PBXResourcesBuildPhase section */
		3E5250FE24C23CC30023F696 /* Resources */ = {
			isa = PBXResourcesBuildPhase;
			buildActionMask = 2147483647;
			files = (
				3E52510624C23CC30023F696 /* Assets.xcassets in Resources */,
				3E0BECBF24C3342B00FF69D7 /* libavutil in Resources */,
				3E0BECC524C3353000FF69D7 /* libavcodec in Resources */,
				3E0BECC024C3342B00FF69D7 /* libavformat in Resources */,
				3E0BECC124C3342B00FF69D7 /* libavresample in Resources */,
				3E0BECBD24C3342B00FF69D7 /* libavdevice in Resources */,
				3E0BECC324C3342B00FF69D7 /* libswscale in Resources */,
				3E52510924C23CC30023F696 /* MainMenu.xib in Resources */,
				3E0BECC224C3342B00FF69D7 /* libswresample in Resources */,
				3E0BECBE24C3342B00FF69D7 /* libpostproc in Resources */,
				3E0BECBC24C3342B00FF69D7 /* libavfilter in Resources */,
			);
			runOnlyForDeploymentPostprocessing = 0;
		};
/* End PBXResourcesBuildPhase section */

/* Begin PBXSourcesBuildPhase section */
		3E5250FC24C23CC30023F696 /* Sources */ = {
			isa = PBXSourcesBuildPhase;
			buildActionMask = 2147483647;
			files = (
				3E0BECC924C3533800FF69D7 /* Mapper.swift in Sources */,
				3E67F37024C823AA0023C2D3 /* Errors.swift in Sources */,
				3E0BECC724C3507500FF69D7 /* Reader.swift in Sources */,
				3E4DF96224C895D4008988FF /* PlayerViewController.swift in Sources */,
				3E52519924C23FA40023F696 /* ffmpeg.c in Sources */,
				3E0BECCD24C386B700FF69D7 /* AudioEngine.swift in Sources */,
				3E67F36A24C823330023C2D3 /* Stream.swift in Sources */,
				3E293BEF24C45885003749F2 /* Player.swift in Sources */,
				3E4DF96024C886CE008988FF /* FileContext.swift in Sources */,
				3E67F36C24C823530023C2D3 /* Codec.swift in Sources */,
				3EEB5A7024C7884D00F94F63 /* SamplesBuffer.swift in Sources */,
				3E67F36E24C8237A0023C2D3 /* Packet.swift in Sources */,
				3E9CD3B124C7A8CB00499954 /* FormatContext.swift in Sources */,
				3E52510424C23CC30023F696 /* AppDelegate.swift in Sources */,
			);
			runOnlyForDeploymentPostprocessing = 0;
		};
/* End PBXSourcesBuildPhase section */

/* Begin PBXVariantGroup section */
		3E52510724C23CC30023F696 /* MainMenu.xib */ = {
			isa = PBXVariantGroup;
			children = (
				3E52510824C23CC30023F696 /* Base */,
			);
			name = MainMenu.xib;
			sourceTree = "<group>";
		};
/* End PBXVariantGroup section */

/* Begin XCBuildConfiguration section */
		3E52510C24C23CC30023F696 /* Debug */ = {
			isa = XCBuildConfiguration;
			buildSettings = {
				ALWAYS_SEARCH_USER_PATHS = NO;
				CLANG_ANALYZER_NONNULL = YES;
				CLANG_ANALYZER_NUMBER_OBJECT_CONVERSION = YES_AGGRESSIVE;
				CLANG_CXX_LANGUAGE_STANDARD = "gnu++14";
				CLANG_CXX_LIBRARY = "libc++";
				CLANG_ENABLE_MODULES = YES;
				CLANG_ENABLE_OBJC_ARC = YES;
				CLANG_ENABLE_OBJC_WEAK = YES;
				CLANG_WARN_BLOCK_CAPTURE_AUTORELEASING = YES;
				CLANG_WARN_BOOL_CONVERSION = YES;
				CLANG_WARN_COMMA = YES;
				CLANG_WARN_CONSTANT_CONVERSION = YES;
				CLANG_WARN_DEPRECATED_OBJC_IMPLEMENTATIONS = YES;
				CLANG_WARN_DIRECT_OBJC_ISA_USAGE = YES_ERROR;
				CLANG_WARN_DOCUMENTATION_COMMENTS = YES;
				CLANG_WARN_EMPTY_BODY = YES;
				CLANG_WARN_ENUM_CONVERSION = YES;
				CLANG_WARN_INFINITE_RECURSION = YES;
				CLANG_WARN_INT_CONVERSION = YES;
				CLANG_WARN_NON_LITERAL_NULL_CONVERSION = YES;
				CLANG_WARN_OBJC_IMPLICIT_RETAIN_SELF = YES;
				CLANG_WARN_OBJC_LITERAL_CONVERSION = YES;
				CLANG_WARN_OBJC_ROOT_CLASS = YES_ERROR;
				CLANG_WARN_RANGE_LOOP_ANALYSIS = YES;
				CLANG_WARN_STRICT_PROTOTYPES = YES;
				CLANG_WARN_SUSPICIOUS_MOVE = YES;
				CLANG_WARN_UNGUARDED_AVAILABILITY = YES_AGGRESSIVE;
				CLANG_WARN_UNREACHABLE_CODE = YES;
				CLANG_WARN__DUPLICATE_METHOD_MATCH = YES;
				COPY_PHASE_STRIP = NO;
				DEBUG_INFORMATION_FORMAT = dwarf;
				ENABLE_STRICT_OBJC_MSGSEND = YES;
				ENABLE_TESTABILITY = YES;
				GCC_C_LANGUAGE_STANDARD = gnu11;
				GCC_DYNAMIC_NO_PIC = NO;
				GCC_NO_COMMON_BLOCKS = YES;
				GCC_OPTIMIZATION_LEVEL = 0;
				GCC_PREPROCESSOR_DEFINITIONS = (
					"DEBUG=1",
					"$(inherited)",
				);
				GCC_WARN_64_TO_32_BIT_CONVERSION = YES;
				GCC_WARN_ABOUT_RETURN_TYPE = YES_ERROR;
				GCC_WARN_UNDECLARED_SELECTOR = YES;
				GCC_WARN_UNINITIALIZED_AUTOS = YES_AGGRESSIVE;
				GCC_WARN_UNUSED_FUNCTION = YES;
				GCC_WARN_UNUSED_VARIABLE = YES;
				HEADER_SEARCH_PATHS = "/usr/local/Cellar/ffmpeg/4.3_1/include/**";
				LIBRARY_SEARCH_PATHS = "/usr/local/Cellar/ffmpeg/4.3_1/lib/**";
				MACOSX_DEPLOYMENT_TARGET = 10.15;
				MTL_ENABLE_DEBUG_INFO = INCLUDE_SOURCE;
				MTL_FAST_MATH = YES;
				ONLY_ACTIVE_ARCH = YES;
				OTHER_LDFLAGS = "-lavcodec";
				SDKROOT = macosx;
				SWIFT_ACTIVE_COMPILATION_CONDITIONS = DEBUG;
				SWIFT_INCLUDE_PATHS = "${SRCROOT}/ffmpeg/**";
				SWIFT_OBJC_BRIDGING_HEADER = "CAndSwift/CAndSwift-Bridging-Header.h";
				SWIFT_OPTIMIZATION_LEVEL = "-Onone";
				SYSTEM_HEADER_SEARCH_PATHS = "/usr/local/Cellar/ffmpeg/4.3_1/include/**";
				USER_HEADER_SEARCH_PATHS = "/usr/local/Cellar/ffmpeg/4.3_1/include/**";
			};
			name = Debug;
		};
		3E52510D24C23CC30023F696 /* Release */ = {
			isa = XCBuildConfiguration;
			buildSettings = {
				ALWAYS_SEARCH_USER_PATHS = NO;
				CLANG_ANALYZER_NONNULL = YES;
				CLANG_ANALYZER_NUMBER_OBJECT_CONVERSION = YES_AGGRESSIVE;
				CLANG_CXX_LANGUAGE_STANDARD = "gnu++14";
				CLANG_CXX_LIBRARY = "libc++";
				CLANG_ENABLE_MODULES = YES;
				CLANG_ENABLE_OBJC_ARC = YES;
				CLANG_ENABLE_OBJC_WEAK = YES;
				CLANG_WARN_BLOCK_CAPTURE_AUTORELEASING = YES;
				CLANG_WARN_BOOL_CONVERSION = YES;
				CLANG_WARN_COMMA = YES;
				CLANG_WARN_CONSTANT_CONVERSION = YES;
				CLANG_WARN_DEPRECATED_OBJC_IMPLEMENTATIONS = YES;
				CLANG_WARN_DIRECT_OBJC_ISA_USAGE = YES_ERROR;
				CLANG_WARN_DOCUMENTATION_COMMENTS = YES;
				CLANG_WARN_EMPTY_BODY = YES;
				CLANG_WARN_ENUM_CONVERSION = YES;
				CLANG_WARN_INFINITE_RECURSION = YES;
				CLANG_WARN_INT_CONVERSION = YES;
				CLANG_WARN_NON_LITERAL_NULL_CONVERSION = YES;
				CLANG_WARN_OBJC_IMPLICIT_RETAIN_SELF = YES;
				CLANG_WARN_OBJC_LITERAL_CONVERSION = YES;
				CLANG_WARN_OBJC_ROOT_CLASS = YES_ERROR;
				CLANG_WARN_RANGE_LOOP_ANALYSIS = YES;
				CLANG_WARN_STRICT_PROTOTYPES = YES;
				CLANG_WARN_SUSPICIOUS_MOVE = YES;
				CLANG_WARN_UNGUARDED_AVAILABILITY = YES_AGGRESSIVE;
				CLANG_WARN_UNREACHABLE_CODE = YES;
				CLANG_WARN__DUPLICATE_METHOD_MATCH = YES;
				COPY_PHASE_STRIP = NO;
				DEBUG_INFORMATION_FORMAT = "dwarf-with-dsym";
				ENABLE_NS_ASSERTIONS = NO;
				ENABLE_STRICT_OBJC_MSGSEND = YES;
				GCC_C_LANGUAGE_STANDARD = gnu11;
				GCC_NO_COMMON_BLOCKS = YES;
				GCC_WARN_64_TO_32_BIT_CONVERSION = YES;
				GCC_WARN_ABOUT_RETURN_TYPE = YES_ERROR;
				GCC_WARN_UNDECLARED_SELECTOR = YES;
				GCC_WARN_UNINITIALIZED_AUTOS = YES_AGGRESSIVE;
				GCC_WARN_UNUSED_FUNCTION = YES;
				GCC_WARN_UNUSED_VARIABLE = YES;
				HEADER_SEARCH_PATHS = "/usr/local/Cellar/ffmpeg/4.3_1/include/**";
				LIBRARY_SEARCH_PATHS = "/usr/local/Cellar/ffmpeg/4.3_1/lib/**";
				MACOSX_DEPLOYMENT_TARGET = 10.15;
				MTL_ENABLE_DEBUG_INFO = NO;
				MTL_FAST_MATH = YES;
				OTHER_LDFLAGS = "-lavcodec";
				SDKROOT = macosx;
				SWIFT_COMPILATION_MODE = wholemodule;
				SWIFT_INCLUDE_PATHS = "${SRCROOT}/ffmpeg/**";
				SWIFT_OBJC_BRIDGING_HEADER = "CAndSwift/CAndSwift-Bridging-Header.h";
				SWIFT_OPTIMIZATION_LEVEL = "-O";
				SYSTEM_HEADER_SEARCH_PATHS = "/usr/local/Cellar/ffmpeg/4.3_1/include/**";
				USER_HEADER_SEARCH_PATHS = "/usr/local/Cellar/ffmpeg/4.3_1/include/**";
			};
			name = Release;
		};
		3E52510F24C23CC30023F696 /* Debug */ = {
			isa = XCBuildConfiguration;
			buildSettings = {
				ASSETCATALOG_COMPILER_APPICON_NAME = AppIcon;
				CLANG_ENABLE_MODULES = YES;
				CODE_SIGN_ENTITLEMENTS = CAndSwift/CAndSwift.entitlements;
				CODE_SIGN_STYLE = Automatic;
				COMBINE_HIDPI_IMAGES = YES;
				HEADER_SEARCH_PATHS = (
					"/usr/local/Cellar/ffmpeg/4.2.2_3/include/**",
					"${SOURCE_ROOT}/**",
				);
				INFOPLIST_FILE = CAndSwift/Info.plist;
				LD_RUNPATH_SEARCH_PATHS = (
					"$(inherited)",
					"@executable_path/../Frameworks",
				);
				LIBRARY_SEARCH_PATHS = (
					"/usr/local/Cellar/ffmpeg/4.3_1/lib/**",
					"/usr/local/Cellar/ffmpeg/4.2.2_3/lib/**",
				);
				MACOSX_DEPLOYMENT_TARGET = 10.14;
				OTHER_LDFLAGS = (
					"-lavformat",
					"-lavutil",
					"-lavcodec",
					"-lswresample",
					"-lswscale",
				);
				PRODUCT_BUNDLE_IDENTIFIER = org.anon.CAndSwift;
				PRODUCT_NAME = "$(TARGET_NAME)";
				SWIFT_OBJC_BRIDGING_HEADER = "CAndSwift/CAndSwift-Bridging-Header.h";
				SWIFT_OPTIMIZATION_LEVEL = "-Onone";
				SWIFT_VERSION = 5.0;
				SYSTEM_HEADER_SEARCH_PATHS = "/usr/local/Cellar/ffmpeg/4.2.2_3/include/**";
				USER_HEADER_SEARCH_PATHS = "/usr/local/Cellar/ffmpeg/4.2.2_3/include/**";
			};
			name = Debug;
		};
		3E52511024C23CC30023F696 /* Release */ = {
			isa = XCBuildConfiguration;
			buildSettings = {
				ASSETCATALOG_COMPILER_APPICON_NAME = AppIcon;
				CLANG_ENABLE_MODULES = YES;
				CODE_SIGN_ENTITLEMENTS = CAndSwift/CAndSwift.entitlements;
				CODE_SIGN_STYLE = Automatic;
				COMBINE_HIDPI_IMAGES = YES;
				HEADER_SEARCH_PATHS = (
					"/usr/local/Cellar/ffmpeg/4.2.2_3/include/**",
					"${SOURCE_ROOT}/**",
				);
				INFOPLIST_FILE = CAndSwift/Info.plist;
				LD_RUNPATH_SEARCH_PATHS = (
					"$(inherited)",
					"@executable_path/../Frameworks",
				);
				LIBRARY_SEARCH_PATHS = (
					"/usr/local/Cellar/ffmpeg/4.3_1/lib/**",
					"/usr/local/Cellar/ffmpeg/4.2.2_3/lib/**",
				);
				MACOSX_DEPLOYMENT_TARGET = 10.14;
				OTHER_LDFLAGS = (
					"-lavformat",
					"-lavutil",
					"-lavcodec",
					"-lswresample",
					"-lswscale",
				);
				PRODUCT_BUNDLE_IDENTIFIER = org.anon.CAndSwift;
				PRODUCT_NAME = "$(TARGET_NAME)";
				SWIFT_OBJC_BRIDGING_HEADER = "CAndSwift/CAndSwift-Bridging-Header.h";
				SWIFT_VERSION = 5.0;
				SYSTEM_HEADER_SEARCH_PATHS = "/usr/local/Cellar/ffmpeg/4.2.2_3/include/**";
				USER_HEADER_SEARCH_PATHS = "/usr/local/Cellar/ffmpeg/4.2.2_3/include/**";
			};
			name = Release;
		};
/* End XCBuildConfiguration section */

/* Begin XCConfigurationList section */
		3E5250FB24C23CC30023F696 /* Build configuration list for PBXProject "CAndSwift" */ = {
			isa = XCConfigurationList;
			buildConfigurations = (
				3E52510C24C23CC30023F696 /* Debug */,
				3E52510D24C23CC30023F696 /* Release */,
			);
			defaultConfigurationIsVisible = 0;
			defaultConfigurationName = Release;
		};
		3E52510E24C23CC30023F696 /* Build configuration list for PBXNativeTarget "CAndSwift" */ = {
			isa = XCConfigurationList;
			buildConfigurations = (
				3E52510F24C23CC30023F696 /* Debug */,
				3E52511024C23CC30023F696 /* Release */,
			);
			defaultConfigurationIsVisible = 0;
			defaultConfigurationName = Release;
		};
/* End XCConfigurationList section */
	};
	rootObject = 3E5250F824C23CC30023F696 /* Project object */;
}
